// !$*UTF8*$!
{
	archiveVersion = 1;
	classes = {
	};
	objectVersion = 46;
	objects = {

/* Begin PBXBuildFile section */
		7A07F1121BA554CA00D5E5A7 /* Pause.png in Resources */ = {isa = PBXBuildFile; fileRef = 7A07F1101BA554CA00D5E5A7 /* Pause.png */; };
		7A07F1131BA554CA00D5E5A7 /* Play.png in Resources */ = {isa = PBXBuildFile; fileRef = 7A07F1111BA554CA00D5E5A7 /* Play.png */; };
		7A07F1171BA5675B00D5E5A7 /* ScheduleViewController.m in Sources */ = {isa = PBXBuildFile; fileRef = 7A07F1161BA5675B00D5E5A7 /* ScheduleViewController.m */; };
		7A07F11C1BA56AAD00D5E5A7 /* ScheduleTableViewCell.m in Sources */ = {isa = PBXBuildFile; fileRef = 7A07F11B1BA56AAD00D5E5A7 /* ScheduleTableViewCell.m */; };
		7A07F11F1BA56B9200D5E5A7 /* ScheduleEntity.m in Sources */ = {isa = PBXBuildFile; fileRef = 7A07F11E1BA56B9200D5E5A7 /* ScheduleEntity.m */; };
		7A48E1421B9C664400BDCFD2 /* EaglUIVIew.m in Sources */ = {isa = PBXBuildFile; fileRef = 7A48E1381B9C664400BDCFD2 /* EaglUIVIew.m */; };
		7A48E1451B9C664400BDCFD2 /* VideoViewController.m in Sources */ = {isa = PBXBuildFile; fileRef = 7A48E1411B9C664400BDCFD2 /* VideoViewController.m */; };
		7A48E1471B9C6F8400BDCFD2 /* GStreamer.framework in Frameworks */ = {isa = PBXBuildFile; fileRef = 7A48E1461B9C6F8400BDCFD2 /* GStreamer.framework */; };
		7A48E1631B9C746600BDCFD2 /* gstplayer-media-info.c in Sources */ = {isa = PBXBuildFile; fileRef = 7A48E15E1B9C746600BDCFD2 /* gstplayer-media-info.c */; };
		7A48E1641B9C746600BDCFD2 /* gstplayer.c in Sources */ = {isa = PBXBuildFile; fileRef = 7A48E1601B9C746600BDCFD2 /* gstplayer.c */; };
		7A48E1701B9C779300BDCFD2 /* fonts.conf in Resources */ = {isa = PBXBuildFile; fileRef = 7A48E16C1B9C779300BDCFD2 /* fonts.conf */; };
		7A48E1721B9C779300BDCFD2 /* Ubuntu-R.ttf in Resources */ = {isa = PBXBuildFile; fileRef = 7A48E16F1B9C779300BDCFD2 /* Ubuntu-R.ttf */; };
		7A48E1731B9C784B00BDCFD2 /* gst_ios_init.m in Sources */ = {isa = PBXBuildFile; fileRef = 7A48E16E1B9C779300BDCFD2 /* gst_ios_init.m */; };
		7A48E1761B9C7B2800BDCFD2 /* CommonUtils.m in Sources */ = {isa = PBXBuildFile; fileRef = 7A48E1751B9C7B2800BDCFD2 /* CommonUtils.m */; };
		7A48E1791B9C7B3A00BDCFD2 /* Configs.m in Sources */ = {isa = PBXBuildFile; fileRef = 7A48E1781B9C7B3A00BDCFD2 /* Configs.m */; };
		7A7401941B9C484000CAF2A6 /* ESViewController.m in Sources */ = {isa = PBXBuildFile; fileRef = 7A7401931B9C484000CAF2A6 /* ESViewController.m */; };
		7A7401D11B9C4A5700CAF2A6 /* UIAlertView+Blocks.m in Sources */ = {isa = PBXBuildFile; fileRef = 7A7401981B9C4A5700CAF2A6 /* UIAlertView+Blocks.m */; };
		7A7401D21B9C4A5700CAF2A6 /* EGORefreshTableHeaderView.m in Sources */ = {isa = PBXBuildFile; fileRef = 7A74019D1B9C4A5700CAF2A6 /* EGORefreshTableHeaderView.m */; };
		7A7401D31B9C4A5700CAF2A6 /* blackArrow.png in Resources */ = {isa = PBXBuildFile; fileRef = 7A74019F1B9C4A5700CAF2A6 /* blackArrow.png */; };
		7A7401D41B9C4A5700CAF2A6 /* blackArrow@2x.png in Resources */ = {isa = PBXBuildFile; fileRef = 7A7401A01B9C4A5700CAF2A6 /* blackArrow@2x.png */; };
		7A7401D51B9C4A5700CAF2A6 /* blueArrow.png in Resources */ = {isa = PBXBuildFile; fileRef = 7A7401A11B9C4A5700CAF2A6 /* blueArrow.png */; };
		7A7401D61B9C4A5700CAF2A6 /* blueArrow@2x.png in Resources */ = {isa = PBXBuildFile; fileRef = 7A7401A21B9C4A5700CAF2A6 /* blueArrow@2x.png */; };
		7A7401D71B9C4A5700CAF2A6 /* grayArrow.png in Resources */ = {isa = PBXBuildFile; fileRef = 7A7401A31B9C4A5700CAF2A6 /* grayArrow.png */; };
		7A7401D81B9C4A5700CAF2A6 /* grayArrow@2x.png in Resources */ = {isa = PBXBuildFile; fileRef = 7A7401A41B9C4A5700CAF2A6 /* grayArrow@2x.png */; };
		7A7401D91B9C4A5700CAF2A6 /* whiteArrow.png in Resources */ = {isa = PBXBuildFile; fileRef = 7A7401A51B9C4A5700CAF2A6 /* whiteArrow.png */; };
		7A7401DA1B9C4A5700CAF2A6 /* whiteArrow@2x.png in Resources */ = {isa = PBXBuildFile; fileRef = 7A7401A61B9C4A5700CAF2A6 /* whiteArrow@2x.png */; };
		7A7401DB1B9C4A5700CAF2A6 /* ESGridView.m in Sources */ = {isa = PBXBuildFile; fileRef = 7A7401AA1B9C4A5700CAF2A6 /* ESGridView.m */; };
		7A7401DC1B9C4A5700CAF2A6 /* ESGridViewCell.m in Sources */ = {isa = PBXBuildFile; fileRef = 7A7401AC1B9C4A5700CAF2A6 /* ESGridViewCell.m */; };
		7A7401DD1B9C4A5700CAF2A6 /* ESGridViewLayoutStrategies.m in Sources */ = {isa = PBXBuildFile; fileRef = 7A7401AE1B9C4A5700CAF2A6 /* ESGridViewLayoutStrategies.m */; };
		7A7401DE1B9C4A5700CAF2A6 /* ESAnimation.m in Sources */ = {isa = PBXBuildFile; fileRef = 7A7401B11B9C4A5700CAF2A6 /* ESAnimation.m */; };
		7A7401DF1B9C4A5700CAF2A6 /* ESImage.m in Sources */ = {isa = PBXBuildFile; fileRef = 7A7401B41B9C4A5700CAF2A6 /* ESImage.m */; };
		7A7401E01B9C4A5700CAF2A6 /* ESImageView.m in Sources */ = {isa = PBXBuildFile; fileRef = 7A7401B61B9C4A5700CAF2A6 /* ESImageView.m */; };
		7A7401E11B9C4A5700CAF2A6 /* ImageManager.m in Sources */ = {isa = PBXBuildFile; fileRef = 7A7401B81B9C4A5700CAF2A6 /* ImageManager.m */; };
		7A7401E21B9C4A5700CAF2A6 /* ImageOperation.m in Sources */ = {isa = PBXBuildFile; fileRef = 7A7401BA1B9C4A5700CAF2A6 /* ImageOperation.m */; };
		7A7401E31B9C4A5700CAF2A6 /* LICENSE in Resources */ = {isa = PBXBuildFile; fileRef = 7A7401BC1B9C4A5700CAF2A6 /* LICENSE */; };
		7A7401E41B9C4A5700CAF2A6 /* README.md in Sources */ = {isa = PBXBuildFile; fileRef = 7A7401BD1B9C4A5700CAF2A6 /* README.md */; };
		7A7401E51B9C4A5700CAF2A6 /* UIImage+Alpha.m in Sources */ = {isa = PBXBuildFile; fileRef = 7A7401BF1B9C4A5700CAF2A6 /* UIImage+Alpha.m */; };
		7A7401E61B9C4A5700CAF2A6 /* UIImage+Resize.m in Sources */ = {isa = PBXBuildFile; fileRef = 7A7401C11B9C4A5700CAF2A6 /* UIImage+Resize.m */; };
		7A7401E71B9C4A5700CAF2A6 /* UIImage+RoundedCorner.m in Sources */ = {isa = PBXBuildFile; fileRef = 7A7401C31B9C4A5700CAF2A6 /* UIImage+RoundedCorner.m */; };
		7A7401E81B9C4A5700CAF2A6 /* UIImage-Categories.podspec in Resources */ = {isa = PBXBuildFile; fileRef = 7A7401C41B9C4A5700CAF2A6 /* UIImage-Categories.podspec */; };
		7A7401E91B9C4A5700CAF2A6 /* ESNetwork.m in Sources */ = {isa = PBXBuildFile; fileRef = 7A7401C71B9C4A5700CAF2A6 /* ESNetwork.m */; };
		7A7401EA1B9C4A5700CAF2A6 /* ESNetworkRestfulOperaton.m in Sources */ = {isa = PBXBuildFile; fileRef = 7A7401CC1B9C4A5700CAF2A6 /* ESNetworkRestfulOperaton.m */; };
		7A7401EB1B9C4A5700CAF2A6 /* ESOperation.m in Sources */ = {isa = PBXBuildFile; fileRef = 7A7401CE1B9C4A5700CAF2A6 /* ESOperation.m */; };
		7A7401EC1B9C4A5700CAF2A6 /* Reachability.m in Sources */ = {isa = PBXBuildFile; fileRef = 7A7401D01B9C4A5700CAF2A6 /* Reachability.m */; };
		7A7401F01B9C4D7C00CAF2A6 /* StreamPlayerViewController.m in Sources */ = {isa = PBXBuildFile; fileRef = 7A7401EF1B9C4D7C00CAF2A6 /* StreamPlayerViewController.m */; };
		7AA52C791B9C56910035F26F /* CoreGraphics.framework in Frameworks */ = {isa = PBXBuildFile; fileRef = 7AA52C781B9C56910035F26F /* CoreGraphics.framework */; };
		7AA52C7B1B9C56970035F26F /* UIKit.framework in Frameworks */ = {isa = PBXBuildFile; fileRef = 7AA52C7A1B9C56970035F26F /* UIKit.framework */; };
		7AA52C7D1B9C569E0035F26F /* Foundation.framework in Frameworks */ = {isa = PBXBuildFile; fileRef = 7AA52C7C1B9C569E0035F26F /* Foundation.framework */; };
		7AA52C7F1B9C57480035F26F /* QuartzCore.framework in Frameworks */ = {isa = PBXBuildFile; fileRef = 7AA52C7E1B9C57480035F26F /* QuartzCore.framework */; };
		7AA52C811B9C57630035F26F /* OpenGLES.framework in Frameworks */ = {isa = PBXBuildFile; fileRef = 7AA52C801B9C57630035F26F /* OpenGLES.framework */; };
		7AA52C851B9C5A3C0035F26F /* MenuViewController.m in Sources */ = {isa = PBXBuildFile; fileRef = 7AA52C841B9C5A3C0035F26F /* MenuViewController.m */; };
		7ABAB6681B9ABE4C0032DB04 /* main.m in Sources */ = {isa = PBXBuildFile; fileRef = 7ABAB6671B9ABE4C0032DB04 /* main.m */; };
		7ABAB66B1B9ABE4C0032DB04 /* AppDelegate.m in Sources */ = {isa = PBXBuildFile; fileRef = 7ABAB66A1B9ABE4C0032DB04 /* AppDelegate.m */; };
		7ABAB6711B9ABE4C0032DB04 /* Main.storyboard in Resources */ = {isa = PBXBuildFile; fileRef = 7ABAB66F1B9ABE4C0032DB04 /* Main.storyboard */; };
		7ABAB6731B9ABE4C0032DB04 /* Images.xcassets in Resources */ = {isa = PBXBuildFile; fileRef = 7ABAB6721B9ABE4C0032DB04 /* Images.xcassets */; };
		7ABAB6761B9ABE4C0032DB04 /* LaunchScreen.xib in Resources */ = {isa = PBXBuildFile; fileRef = 7ABAB6741B9ABE4C0032DB04 /* LaunchScreen.xib */; };
		7ABAB6821B9ABE4C0032DB04 /* LiveCodingTests.m in Sources */ = {isa = PBXBuildFile; fileRef = 7ABAB6811B9ABE4C0032DB04 /* LiveCodingTests.m */; };
		7ABAB6981B9AC1ED0032DB04 /* StreamListViewController.m in Sources */ = {isa = PBXBuildFile; fileRef = 7ABAB6961B9AC1ED0032DB04 /* StreamListViewController.m */; };
		7ABAB69B1B9AC21C0032DB04 /* StreamEntityTableViewCell.m in Sources */ = {isa = PBXBuildFile; fileRef = 7ABAB69A1B9AC21C0032DB04 /* StreamEntityTableViewCell.m */; };
		7ABAB6A51B9ACB020032DB04 /* TFHpple.m in Sources */ = {isa = PBXBuildFile; fileRef = 7ABAB6A01B9ACB020032DB04 /* TFHpple.m */; };
		7ABAB6A61B9ACB020032DB04 /* TFHppleElement.m in Sources */ = {isa = PBXBuildFile; fileRef = 7ABAB6A21B9ACB020032DB04 /* TFHppleElement.m */; };
		7ABAB6A71B9ACB020032DB04 /* XPathQuery.m in Sources */ = {isa = PBXBuildFile; fileRef = 7ABAB6A41B9ACB020032DB04 /* XPathQuery.m */; };
		7ABAB6AD1B9ACC190032DB04 /* libxml2.2.dylib in Frameworks */ = {isa = PBXBuildFile; fileRef = 7ABAB6AC1B9ACC190032DB04 /* libxml2.2.dylib */; };
		7ABAB6B11B9AD3050032DB04 /* StreamingEntity.m in Sources */ = {isa = PBXBuildFile; fileRef = 7ABAB6B01B9AD3050032DB04 /* StreamingEntity.m */; };
		7AF44E2D1BA40BEA00886736 /* LeftPanelViewController.m in Sources */ = {isa = PBXBuildFile; fileRef = 7AF44E2C1BA40BEA00886736 /* LeftPanelViewController.m */; };
		7AF44E551BA424C100886736 /* AFHTTPRequestOperation.m in Sources */ = {isa = PBXBuildFile; fileRef = 7AF44E301BA424C100886736 /* AFHTTPRequestOperation.m */; };
		7AF44E561BA424C100886736 /* AFHTTPRequestOperationManager.m in Sources */ = {isa = PBXBuildFile; fileRef = 7AF44E321BA424C100886736 /* AFHTTPRequestOperationManager.m */; };
		7AF44E571BA424C100886736 /* AFHTTPSessionManager.m in Sources */ = {isa = PBXBuildFile; fileRef = 7AF44E341BA424C100886736 /* AFHTTPSessionManager.m */; };
		7AF44E581BA424C100886736 /* AFNetworkReachabilityManager.m in Sources */ = {isa = PBXBuildFile; fileRef = 7AF44E371BA424C100886736 /* AFNetworkReachabilityManager.m */; };
		7AF44E591BA424C100886736 /* AFSecurityPolicy.m in Sources */ = {isa = PBXBuildFile; fileRef = 7AF44E391BA424C100886736 /* AFSecurityPolicy.m */; };
		7AF44E5A1BA424C100886736 /* AFURLConnectionOperation.m in Sources */ = {isa = PBXBuildFile; fileRef = 7AF44E3B1BA424C100886736 /* AFURLConnectionOperation.m */; };
		7AF44E5B1BA424C100886736 /* AFURLRequestSerialization.m in Sources */ = {isa = PBXBuildFile; fileRef = 7AF44E3D1BA424C100886736 /* AFURLRequestSerialization.m */; };
		7AF44E5C1BA424C100886736 /* AFURLResponseSerialization.m in Sources */ = {isa = PBXBuildFile; fileRef = 7AF44E3F1BA424C100886736 /* AFURLResponseSerialization.m */; };
		7AF44E5D1BA424C100886736 /* AFURLSessionManager.m in Sources */ = {isa = PBXBuildFile; fileRef = 7AF44E411BA424C100886736 /* AFURLSessionManager.m */; };
		7AF44E5E1BA424C100886736 /* AFNetworkActivityIndicatorManager.m in Sources */ = {isa = PBXBuildFile; fileRef = 7AF44E441BA424C100886736 /* AFNetworkActivityIndicatorManager.m */; };
		7AF44E5F1BA424C100886736 /* UIActivityIndicatorView+AFNetworking.m in Sources */ = {isa = PBXBuildFile; fileRef = 7AF44E461BA424C100886736 /* UIActivityIndicatorView+AFNetworking.m */; };
		7AF44E601BA424C100886736 /* UIAlertView+AFNetworking.m in Sources */ = {isa = PBXBuildFile; fileRef = 7AF44E481BA424C100886736 /* UIAlertView+AFNetworking.m */; };
		7AF44E611BA424C100886736 /* UIButton+AFNetworking.m in Sources */ = {isa = PBXBuildFile; fileRef = 7AF44E4A1BA424C100886736 /* UIButton+AFNetworking.m */; };
		7AF44E621BA424C100886736 /* UIImageView+AFNetworking.m in Sources */ = {isa = PBXBuildFile; fileRef = 7AF44E4D1BA424C100886736 /* UIImageView+AFNetworking.m */; };
		7AF44E631BA424C100886736 /* UIProgressView+AFNetworking.m in Sources */ = {isa = PBXBuildFile; fileRef = 7AF44E501BA424C100886736 /* UIProgressView+AFNetworking.m */; };
		7AF44E641BA424C100886736 /* UIRefreshControl+AFNetworking.m in Sources */ = {isa = PBXBuildFile; fileRef = 7AF44E521BA424C100886736 /* UIRefreshControl+AFNetworking.m */; };
		7AF44E651BA424C100886736 /* UIWebView+AFNetworking.m in Sources */ = {isa = PBXBuildFile; fileRef = 7AF44E541BA424C100886736 /* UIWebView+AFNetworking.m */; };
		7AF44E671BA426F600886736 /* Security.framework in Frameworks */ = {isa = PBXBuildFile; fileRef = 7AF44E661BA426F600886736 /* Security.framework */; };
		7AF44E6B1BA42D5200886736 /* RootViewController.m in Sources */ = {isa = PBXBuildFile; fileRef = 7AF44E6A1BA42D5200886736 /* RootViewController.m */; };
		7AF44E701BA434B900886736 /* LeftPanelItemTableViewCell.m in Sources */ = {isa = PBXBuildFile; fileRef = 7AF44E6F1BA434B900886736 /* LeftPanelItemTableViewCell.m */; };
		7AF472DE1BA1B09A00B523F1 /* StreamCollectionViewCell.m in Sources */ = {isa = PBXBuildFile; fileRef = 7AF472DD1BA1B09A00B523F1 /* StreamCollectionViewCell.m */; };
/* End PBXBuildFile section */

/* Begin PBXContainerItemProxy section */
		7ABAB67C1B9ABE4C0032DB04 /* PBXContainerItemProxy */ = {
			isa = PBXContainerItemProxy;
			containerPortal = 7ABAB65A1B9ABE4C0032DB04 /* Project object */;
			proxyType = 1;
			remoteGlobalIDString = 7ABAB6611B9ABE4C0032DB04;
			remoteInfo = LiveCoding;
		};
/* End PBXContainerItemProxy section */

/* Begin PBXFileReference section */
		7A07F1101BA554CA00D5E5A7 /* Pause.png */ = {isa = PBXFileReference; lastKnownFileType = image.png; path = Pause.png; sourceTree = "<group>"; };
		7A07F1111BA554CA00D5E5A7 /* Play.png */ = {isa = PBXFileReference; lastKnownFileType = image.png; path = Play.png; sourceTree = "<group>"; };
		7A07F1151BA5675B00D5E5A7 /* ScheduleViewController.h */ = {isa = PBXFileReference; fileEncoding = 4; lastKnownFileType = sourcecode.c.h; path = ScheduleViewController.h; sourceTree = "<group>"; };
		7A07F1161BA5675B00D5E5A7 /* ScheduleViewController.m */ = {isa = PBXFileReference; fileEncoding = 4; lastKnownFileType = sourcecode.c.objc; path = ScheduleViewController.m; sourceTree = "<group>"; };
		7A07F11A1BA56AAD00D5E5A7 /* ScheduleTableViewCell.h */ = {isa = PBXFileReference; fileEncoding = 4; lastKnownFileType = sourcecode.c.h; path = ScheduleTableViewCell.h; sourceTree = "<group>"; };
		7A07F11B1BA56AAD00D5E5A7 /* ScheduleTableViewCell.m */ = {isa = PBXFileReference; fileEncoding = 4; lastKnownFileType = sourcecode.c.objc; path = ScheduleTableViewCell.m; sourceTree = "<group>"; };
		7A07F11D1BA56B9200D5E5A7 /* ScheduleEntity.h */ = {isa = PBXFileReference; fileEncoding = 4; lastKnownFileType = sourcecode.c.h; path = ScheduleEntity.h; sourceTree = "<group>"; };
		7A07F11E1BA56B9200D5E5A7 /* ScheduleEntity.m */ = {isa = PBXFileReference; fileEncoding = 4; lastKnownFileType = sourcecode.c.objc; path = ScheduleEntity.m; sourceTree = "<group>"; };
		7A48E1221B9C62EB00BDCFD2 /* LiveCoding-prefix.pch */ = {isa = PBXFileReference; fileEncoding = 4; lastKnownFileType = sourcecode.c.h; path = "LiveCoding-prefix.pch"; sourceTree = "<group>"; };
		7A48E1371B9C664400BDCFD2 /* EaglUIVIew.h */ = {isa = PBXFileReference; fileEncoding = 4; lastKnownFileType = sourcecode.c.h; path = EaglUIVIew.h; sourceTree = "<group>"; };
		7A48E1381B9C664400BDCFD2 /* EaglUIVIew.m */ = {isa = PBXFileReference; fileEncoding = 4; lastKnownFileType = sourcecode.c.objc; path = EaglUIVIew.m; sourceTree = "<group>"; };
		7A48E1401B9C664400BDCFD2 /* VideoViewController.h */ = {isa = PBXFileReference; fileEncoding = 4; lastKnownFileType = sourcecode.c.h; path = VideoViewController.h; sourceTree = "<group>"; };
		7A48E1411B9C664400BDCFD2 /* VideoViewController.m */ = {isa = PBXFileReference; fileEncoding = 4; lastKnownFileType = sourcecode.c.objc; path = VideoViewController.m; sourceTree = "<group>"; };
		7A48E1461B9C6F8400BDCFD2 /* GStreamer.framework */ = {isa = PBXFileReference; lastKnownFileType = wrapper.framework; path = GStreamer.framework; sourceTree = "<group>"; };
		7A48E15D1B9C746600BDCFD2 /* gstplayer-media-info-private.h */ = {isa = PBXFileReference; fileEncoding = 4; lastKnownFileType = sourcecode.c.h; name = "gstplayer-media-info-private.h"; path = "../../../../../lib/gst/player/gstplayer-media-info-private.h"; sourceTree = "<group>"; };
		7A48E15E1B9C746600BDCFD2 /* gstplayer-media-info.c */ = {isa = PBXFileReference; fileEncoding = 4; lastKnownFileType = sourcecode.c.c; name = "gstplayer-media-info.c"; path = "../../../../../lib/gst/player/gstplayer-media-info.c"; sourceTree = "<group>"; };
		7A48E15F1B9C746600BDCFD2 /* gstplayer-media-info.h */ = {isa = PBXFileReference; fileEncoding = 4; lastKnownFileType = sourcecode.c.h; name = "gstplayer-media-info.h"; path = "../../../../../lib/gst/player/gstplayer-media-info.h"; sourceTree = "<group>"; };
		7A48E1601B9C746600BDCFD2 /* gstplayer.c */ = {isa = PBXFileReference; fileEncoding = 4; lastKnownFileType = sourcecode.c.c; name = gstplayer.c; path = ../../../../../lib/gst/player/gstplayer.c; sourceTree = "<group>"; };
		7A48E1611B9C746600BDCFD2 /* gstplayer.h */ = {isa = PBXFileReference; fileEncoding = 4; lastKnownFileType = sourcecode.c.h; name = gstplayer.h; path = ../../../../../lib/gst/player/gstplayer.h; sourceTree = "<group>"; };
		7A48E1621B9C746600BDCFD2 /* player.h */ = {isa = PBXFileReference; fileEncoding = 4; lastKnownFileType = sourcecode.c.h; name = player.h; path = ../../../../../lib/gst/player/player.h; sourceTree = "<group>"; };
		7A48E16C1B9C779300BDCFD2 /* fonts.conf */ = {isa = PBXFileReference; fileEncoding = 4; lastKnownFileType = text.xml; path = fonts.conf; sourceTree = "<group>"; };
		7A48E16D1B9C779300BDCFD2 /* gst_ios_init.h */ = {isa = PBXFileReference; fileEncoding = 4; lastKnownFileType = sourcecode.c.h; path = gst_ios_init.h; sourceTree = "<group>"; };
		7A48E16E1B9C779300BDCFD2 /* gst_ios_init.m */ = {isa = PBXFileReference; fileEncoding = 4; lastKnownFileType = sourcecode.c.objc; path = gst_ios_init.m; sourceTree = "<group>"; };
		7A48E16F1B9C779300BDCFD2 /* Ubuntu-R.ttf */ = {isa = PBXFileReference; lastKnownFileType = file; path = "Ubuntu-R.ttf"; sourceTree = "<group>"; };
		7A48E1741B9C7B2800BDCFD2 /* CommonUtils.h */ = {isa = PBXFileReference; fileEncoding = 4; lastKnownFileType = sourcecode.c.h; path = CommonUtils.h; sourceTree = "<group>"; };
		7A48E1751B9C7B2800BDCFD2 /* CommonUtils.m */ = {isa = PBXFileReference; fileEncoding = 4; lastKnownFileType = sourcecode.c.objc; path = CommonUtils.m; sourceTree = "<group>"; };
		7A48E1771B9C7B3A00BDCFD2 /* Configs.h */ = {isa = PBXFileReference; fileEncoding = 4; lastKnownFileType = sourcecode.c.h; path = Configs.h; sourceTree = "<group>"; };
		7A48E1781B9C7B3A00BDCFD2 /* Configs.m */ = {isa = PBXFileReference; fileEncoding = 4; lastKnownFileType = sourcecode.c.objc; path = Configs.m; sourceTree = "<group>"; };
		7A7401921B9C484000CAF2A6 /* ESViewController.h */ = {isa = PBXFileReference; fileEncoding = 4; lastKnownFileType = sourcecode.c.h; path = ESViewController.h; sourceTree = "<group>"; };
		7A7401931B9C484000CAF2A6 /* ESViewController.m */ = {isa = PBXFileReference; fileEncoding = 4; lastKnownFileType = sourcecode.c.objc; path = ESViewController.m; sourceTree = "<group>"; };
		7A7401971B9C4A5700CAF2A6 /* UIAlertView+Blocks.h */ = {isa = PBXFileReference; fileEncoding = 4; lastKnownFileType = sourcecode.c.h; path = "UIAlertView+Blocks.h"; sourceTree = "<group>"; };
		7A7401981B9C4A5700CAF2A6 /* UIAlertView+Blocks.m */ = {isa = PBXFileReference; fileEncoding = 4; lastKnownFileType = sourcecode.c.objc; path = "UIAlertView+Blocks.m"; sourceTree = "<group>"; };
		7A74019C1B9C4A5700CAF2A6 /* EGORefreshTableHeaderView.h */ = {isa = PBXFileReference; fileEncoding = 4; lastKnownFileType = sourcecode.c.h; path = EGORefreshTableHeaderView.h; sourceTree = "<group>"; };
		7A74019D1B9C4A5700CAF2A6 /* EGORefreshTableHeaderView.m */ = {isa = PBXFileReference; fileEncoding = 4; lastKnownFileType = sourcecode.c.objc; path = EGORefreshTableHeaderView.m; sourceTree = "<group>"; };
		7A74019F1B9C4A5700CAF2A6 /* blackArrow.png */ = {isa = PBXFileReference; lastKnownFileType = image.png; path = blackArrow.png; sourceTree = "<group>"; };
		7A7401A01B9C4A5700CAF2A6 /* blackArrow@2x.png */ = {isa = PBXFileReference; lastKnownFileType = image.png; path = "blackArrow@2x.png"; sourceTree = "<group>"; };
		7A7401A11B9C4A5700CAF2A6 /* blueArrow.png */ = {isa = PBXFileReference; lastKnownFileType = image.png; path = blueArrow.png; sourceTree = "<group>"; };
		7A7401A21B9C4A5700CAF2A6 /* blueArrow@2x.png */ = {isa = PBXFileReference; lastKnownFileType = image.png; path = "blueArrow@2x.png"; sourceTree = "<group>"; };
		7A7401A31B9C4A5700CAF2A6 /* grayArrow.png */ = {isa = PBXFileReference; lastKnownFileType = image.png; path = grayArrow.png; sourceTree = "<group>"; };
		7A7401A41B9C4A5700CAF2A6 /* grayArrow@2x.png */ = {isa = PBXFileReference; lastKnownFileType = image.png; path = "grayArrow@2x.png"; sourceTree = "<group>"; };
		7A7401A51B9C4A5700CAF2A6 /* whiteArrow.png */ = {isa = PBXFileReference; lastKnownFileType = image.png; path = whiteArrow.png; sourceTree = "<group>"; };
		7A7401A61B9C4A5700CAF2A6 /* whiteArrow@2x.png */ = {isa = PBXFileReference; lastKnownFileType = image.png; path = "whiteArrow@2x.png"; sourceTree = "<group>"; };
		7A7401A81B9C4A5700CAF2A6 /* ESGridView-Constants.h */ = {isa = PBXFileReference; fileEncoding = 4; lastKnownFileType = sourcecode.c.h; path = "ESGridView-Constants.h"; sourceTree = "<group>"; };
		7A7401A91B9C4A5700CAF2A6 /* ESGridView.h */ = {isa = PBXFileReference; fileEncoding = 4; lastKnownFileType = sourcecode.c.h; path = ESGridView.h; sourceTree = "<group>"; };
		7A7401AA1B9C4A5700CAF2A6 /* ESGridView.m */ = {isa = PBXFileReference; fileEncoding = 4; lastKnownFileType = sourcecode.c.objc; path = ESGridView.m; sourceTree = "<group>"; };
		7A7401AB1B9C4A5700CAF2A6 /* ESGridViewCell.h */ = {isa = PBXFileReference; fileEncoding = 4; lastKnownFileType = sourcecode.c.h; path = ESGridViewCell.h; sourceTree = "<group>"; };
		7A7401AC1B9C4A5700CAF2A6 /* ESGridViewCell.m */ = {isa = PBXFileReference; fileEncoding = 4; lastKnownFileType = sourcecode.c.objc; path = ESGridViewCell.m; sourceTree = "<group>"; };
		7A7401AD1B9C4A5700CAF2A6 /* ESGridViewLayoutStrategies.h */ = {isa = PBXFileReference; fileEncoding = 4; lastKnownFileType = sourcecode.c.h; path = ESGridViewLayoutStrategies.h; sourceTree = "<group>"; };
		7A7401AE1B9C4A5700CAF2A6 /* ESGridViewLayoutStrategies.m */ = {isa = PBXFileReference; fileEncoding = 4; lastKnownFileType = sourcecode.c.objc; path = ESGridViewLayoutStrategies.m; sourceTree = "<group>"; };
		7A7401B01B9C4A5700CAF2A6 /* ESAnimation.h */ = {isa = PBXFileReference; fileEncoding = 4; lastKnownFileType = sourcecode.c.h; path = ESAnimation.h; sourceTree = "<group>"; };
		7A7401B11B9C4A5700CAF2A6 /* ESAnimation.m */ = {isa = PBXFileReference; fileEncoding = 4; lastKnownFileType = sourcecode.c.objc; path = ESAnimation.m; sourceTree = "<group>"; };
		7A7401B21B9C4A5700CAF2A6 /* ESImage-Constants.h */ = {isa = PBXFileReference; fileEncoding = 4; lastKnownFileType = sourcecode.c.h; path = "ESImage-Constants.h"; sourceTree = "<group>"; };
		7A7401B31B9C4A5700CAF2A6 /* ESImage.h */ = {isa = PBXFileReference; fileEncoding = 4; lastKnownFileType = sourcecode.c.h; path = ESImage.h; sourceTree = "<group>"; };
		7A7401B41B9C4A5700CAF2A6 /* ESImage.m */ = {isa = PBXFileReference; fileEncoding = 4; lastKnownFileType = sourcecode.c.objc; path = ESImage.m; sourceTree = "<group>"; };
		7A7401B51B9C4A5700CAF2A6 /* ESImageView.h */ = {isa = PBXFileReference; fileEncoding = 4; lastKnownFileType = sourcecode.c.h; path = ESImageView.h; sourceTree = "<group>"; };
		7A7401B61B9C4A5700CAF2A6 /* ESImageView.m */ = {isa = PBXFileReference; fileEncoding = 4; lastKnownFileType = sourcecode.c.objc; path = ESImageView.m; sourceTree = "<group>"; };
		7A7401B71B9C4A5700CAF2A6 /* ImageManager.h */ = {isa = PBXFileReference; fileEncoding = 4; lastKnownFileType = sourcecode.c.h; path = ImageManager.h; sourceTree = "<group>"; };
		7A7401B81B9C4A5700CAF2A6 /* ImageManager.m */ = {isa = PBXFileReference; fileEncoding = 4; lastKnownFileType = sourcecode.c.objc; path = ImageManager.m; sourceTree = "<group>"; };
		7A7401B91B9C4A5700CAF2A6 /* ImageOperation.h */ = {isa = PBXFileReference; fileEncoding = 4; lastKnownFileType = sourcecode.c.h; path = ImageOperation.h; sourceTree = "<group>"; };
		7A7401BA1B9C4A5700CAF2A6 /* ImageOperation.m */ = {isa = PBXFileReference; fileEncoding = 4; lastKnownFileType = sourcecode.c.objc; path = ImageOperation.m; sourceTree = "<group>"; };
		7A7401BC1B9C4A5700CAF2A6 /* LICENSE */ = {isa = PBXFileReference; fileEncoding = 4; lastKnownFileType = text; path = LICENSE; sourceTree = "<group>"; };
		7A7401BD1B9C4A5700CAF2A6 /* README.md */ = {isa = PBXFileReference; fileEncoding = 4; lastKnownFileType = net.daringfireball.markdown; path = README.md; sourceTree = "<group>"; };
		7A7401BE1B9C4A5700CAF2A6 /* UIImage+Alpha.h */ = {isa = PBXFileReference; fileEncoding = 4; lastKnownFileType = sourcecode.c.h; path = "UIImage+Alpha.h"; sourceTree = "<group>"; };
		7A7401BF1B9C4A5700CAF2A6 /* UIImage+Alpha.m */ = {isa = PBXFileReference; fileEncoding = 4; lastKnownFileType = sourcecode.c.objc; path = "UIImage+Alpha.m"; sourceTree = "<group>"; };
		7A7401C01B9C4A5700CAF2A6 /* UIImage+Resize.h */ = {isa = PBXFileReference; fileEncoding = 4; lastKnownFileType = sourcecode.c.h; path = "UIImage+Resize.h"; sourceTree = "<group>"; };
		7A7401C11B9C4A5700CAF2A6 /* UIImage+Resize.m */ = {isa = PBXFileReference; fileEncoding = 4; lastKnownFileType = sourcecode.c.objc; path = "UIImage+Resize.m"; sourceTree = "<group>"; };
		7A7401C21B9C4A5700CAF2A6 /* UIImage+RoundedCorner.h */ = {isa = PBXFileReference; fileEncoding = 4; lastKnownFileType = sourcecode.c.h; path = "UIImage+RoundedCorner.h"; sourceTree = "<group>"; };
		7A7401C31B9C4A5700CAF2A6 /* UIImage+RoundedCorner.m */ = {isa = PBXFileReference; fileEncoding = 4; lastKnownFileType = sourcecode.c.objc; path = "UIImage+RoundedCorner.m"; sourceTree = "<group>"; };
		7A7401C41B9C4A5700CAF2A6 /* UIImage-Categories.podspec */ = {isa = PBXFileReference; fileEncoding = 4; lastKnownFileType = text; path = "UIImage-Categories.podspec"; sourceTree = "<group>"; };
		7A7401C61B9C4A5700CAF2A6 /* ESNetwork.h */ = {isa = PBXFileReference; fileEncoding = 4; lastKnownFileType = sourcecode.c.h; path = ESNetwork.h; sourceTree = "<group>"; };
		7A7401C71B9C4A5700CAF2A6 /* ESNetwork.m */ = {isa = PBXFileReference; fileEncoding = 4; lastKnownFileType = sourcecode.c.objc; path = ESNetwork.m; sourceTree = "<group>"; };
		7A7401C81B9C4A5700CAF2A6 /* ESNetworkConfig.h */ = {isa = PBXFileReference; fileEncoding = 4; lastKnownFileType = sourcecode.c.h; path = ESNetworkConfig.h; sourceTree = "<group>"; };
		7A7401C91B9C4A5700CAF2A6 /* ESNetworkProtocol.h */ = {isa = PBXFileReference; fileEncoding = 4; lastKnownFileType = sourcecode.c.h; path = ESNetworkProtocol.h; sourceTree = "<group>"; };
		7A7401CA1B9C4A5700CAF2A6 /* ESNetworkReceiveProtocol.h */ = {isa = PBXFileReference; fileEncoding = 4; lastKnownFileType = sourcecode.c.h; path = ESNetworkReceiveProtocol.h; sourceTree = "<group>"; };
		7A7401CB1B9C4A5700CAF2A6 /* ESNetworkRestfulOperaton.h */ = {isa = PBXFileReference; fileEncoding = 4; lastKnownFileType = sourcecode.c.h; path = ESNetworkRestfulOperaton.h; sourceTree = "<group>"; };
		7A7401CC1B9C4A5700CAF2A6 /* ESNetworkRestfulOperaton.m */ = {isa = PBXFileReference; fileEncoding = 4; lastKnownFileType = sourcecode.c.objc; path = ESNetworkRestfulOperaton.m; sourceTree = "<group>"; };
		7A7401CD1B9C4A5700CAF2A6 /* ESOperation.h */ = {isa = PBXFileReference; fileEncoding = 4; lastKnownFileType = sourcecode.c.h; path = ESOperation.h; sourceTree = "<group>"; };
		7A7401CE1B9C4A5700CAF2A6 /* ESOperation.m */ = {isa = PBXFileReference; fileEncoding = 4; lastKnownFileType = sourcecode.c.objc; path = ESOperation.m; sourceTree = "<group>"; };
		7A7401CF1B9C4A5700CAF2A6 /* Reachability.h */ = {isa = PBXFileReference; fileEncoding = 4; lastKnownFileType = sourcecode.c.h; path = Reachability.h; sourceTree = "<group>"; };
		7A7401D01B9C4A5700CAF2A6 /* Reachability.m */ = {isa = PBXFileReference; fileEncoding = 4; lastKnownFileType = sourcecode.c.objc; path = Reachability.m; sourceTree = "<group>"; };
		7A7401EE1B9C4D7C00CAF2A6 /* StreamPlayerViewController.h */ = {isa = PBXFileReference; fileEncoding = 4; lastKnownFileType = sourcecode.c.h; path = StreamPlayerViewController.h; sourceTree = "<group>"; };
		7A7401EF1B9C4D7C00CAF2A6 /* StreamPlayerViewController.m */ = {isa = PBXFileReference; fileEncoding = 4; lastKnownFileType = sourcecode.c.objc; path = StreamPlayerViewController.m; sourceTree = "<group>"; };
		7AA52C781B9C56910035F26F /* CoreGraphics.framework */ = {isa = PBXFileReference; lastKnownFileType = wrapper.framework; name = CoreGraphics.framework; path = System/Library/Frameworks/CoreGraphics.framework; sourceTree = SDKROOT; };
		7AA52C7A1B9C56970035F26F /* UIKit.framework */ = {isa = PBXFileReference; lastKnownFileType = wrapper.framework; name = UIKit.framework; path = System/Library/Frameworks/UIKit.framework; sourceTree = SDKROOT; };
		7AA52C7C1B9C569E0035F26F /* Foundation.framework */ = {isa = PBXFileReference; lastKnownFileType = wrapper.framework; name = Foundation.framework; path = System/Library/Frameworks/Foundation.framework; sourceTree = SDKROOT; };
		7AA52C7E1B9C57480035F26F /* QuartzCore.framework */ = {isa = PBXFileReference; lastKnownFileType = wrapper.framework; name = QuartzCore.framework; path = System/Library/Frameworks/QuartzCore.framework; sourceTree = SDKROOT; };
		7AA52C801B9C57630035F26F /* OpenGLES.framework */ = {isa = PBXFileReference; lastKnownFileType = wrapper.framework; name = OpenGLES.framework; path = System/Library/Frameworks/OpenGLES.framework; sourceTree = SDKROOT; };
		7AA52C831B9C5A3C0035F26F /* MenuViewController.h */ = {isa = PBXFileReference; fileEncoding = 4; lastKnownFileType = sourcecode.c.h; path = MenuViewController.h; sourceTree = "<group>"; };
		7AA52C841B9C5A3C0035F26F /* MenuViewController.m */ = {isa = PBXFileReference; fileEncoding = 4; lastKnownFileType = sourcecode.c.objc; path = MenuViewController.m; sourceTree = "<group>"; };
		7ABAB6621B9ABE4C0032DB04 /* LiveCoding.app */ = {isa = PBXFileReference; explicitFileType = wrapper.application; includeInIndex = 0; path = LiveCoding.app; sourceTree = BUILT_PRODUCTS_DIR; };
		7ABAB6661B9ABE4C0032DB04 /* Info.plist */ = {isa = PBXFileReference; lastKnownFileType = text.plist.xml; path = Info.plist; sourceTree = "<group>"; };
		7ABAB6671B9ABE4C0032DB04 /* main.m */ = {isa = PBXFileReference; lastKnownFileType = sourcecode.c.objc; path = main.m; sourceTree = "<group>"; };
		7ABAB6691B9ABE4C0032DB04 /* AppDelegate.h */ = {isa = PBXFileReference; lastKnownFileType = sourcecode.c.h; path = AppDelegate.h; sourceTree = "<group>"; };
		7ABAB66A1B9ABE4C0032DB04 /* AppDelegate.m */ = {isa = PBXFileReference; lastKnownFileType = sourcecode.c.objc; path = AppDelegate.m; sourceTree = "<group>"; };
		7ABAB6701B9ABE4C0032DB04 /* Base */ = {isa = PBXFileReference; lastKnownFileType = file.storyboard; name = Base; path = Base.lproj/Main.storyboard; sourceTree = "<group>"; };
		7ABAB6721B9ABE4C0032DB04 /* Images.xcassets */ = {isa = PBXFileReference; lastKnownFileType = folder.assetcatalog; path = Images.xcassets; sourceTree = "<group>"; };
		7ABAB6751B9ABE4C0032DB04 /* Base */ = {isa = PBXFileReference; lastKnownFileType = file.xib; name = Base; path = Base.lproj/LaunchScreen.xib; sourceTree = "<group>"; };
		7ABAB67B1B9ABE4C0032DB04 /* LiveCodingTests.xctest */ = {isa = PBXFileReference; explicitFileType = wrapper.cfbundle; includeInIndex = 0; path = LiveCodingTests.xctest; sourceTree = BUILT_PRODUCTS_DIR; };
		7ABAB6801B9ABE4C0032DB04 /* Info.plist */ = {isa = PBXFileReference; lastKnownFileType = text.plist.xml; path = Info.plist; sourceTree = "<group>"; };
		7ABAB6811B9ABE4C0032DB04 /* LiveCodingTests.m */ = {isa = PBXFileReference; lastKnownFileType = sourcecode.c.objc; path = LiveCodingTests.m; sourceTree = "<group>"; };
		7ABAB6951B9AC1ED0032DB04 /* StreamListViewController.h */ = {isa = PBXFileReference; fileEncoding = 4; lastKnownFileType = sourcecode.c.h; path = StreamListViewController.h; sourceTree = "<group>"; };
		7ABAB6961B9AC1ED0032DB04 /* StreamListViewController.m */ = {isa = PBXFileReference; fileEncoding = 4; lastKnownFileType = sourcecode.c.objc; path = StreamListViewController.m; sourceTree = "<group>"; };
		7ABAB6991B9AC21C0032DB04 /* StreamEntityTableViewCell.h */ = {isa = PBXFileReference; fileEncoding = 4; lastKnownFileType = sourcecode.c.h; path = StreamEntityTableViewCell.h; sourceTree = "<group>"; };
		7ABAB69A1B9AC21C0032DB04 /* StreamEntityTableViewCell.m */ = {isa = PBXFileReference; fileEncoding = 4; lastKnownFileType = sourcecode.c.objc; path = StreamEntityTableViewCell.m; sourceTree = "<group>"; };
		7ABAB69F1B9ACB020032DB04 /* TFHpple.h */ = {isa = PBXFileReference; fileEncoding = 4; lastKnownFileType = sourcecode.c.h; path = TFHpple.h; sourceTree = "<group>"; };
		7ABAB6A01B9ACB020032DB04 /* TFHpple.m */ = {isa = PBXFileReference; fileEncoding = 4; lastKnownFileType = sourcecode.c.objc; path = TFHpple.m; sourceTree = "<group>"; };
		7ABAB6A11B9ACB020032DB04 /* TFHppleElement.h */ = {isa = PBXFileReference; fileEncoding = 4; lastKnownFileType = sourcecode.c.h; path = TFHppleElement.h; sourceTree = "<group>"; };
		7ABAB6A21B9ACB020032DB04 /* TFHppleElement.m */ = {isa = PBXFileReference; fileEncoding = 4; lastKnownFileType = sourcecode.c.objc; path = TFHppleElement.m; sourceTree = "<group>"; };
		7ABAB6A31B9ACB020032DB04 /* XPathQuery.h */ = {isa = PBXFileReference; fileEncoding = 4; lastKnownFileType = sourcecode.c.h; path = XPathQuery.h; sourceTree = "<group>"; };
		7ABAB6A41B9ACB020032DB04 /* XPathQuery.m */ = {isa = PBXFileReference; fileEncoding = 4; lastKnownFileType = sourcecode.c.objc; path = XPathQuery.m; sourceTree = "<group>"; };
		7ABAB6AC1B9ACC190032DB04 /* libxml2.2.dylib */ = {isa = PBXFileReference; lastKnownFileType = "compiled.mach-o.dylib"; name = libxml2.2.dylib; path = usr/lib/libxml2.2.dylib; sourceTree = SDKROOT; };
		7ABAB6AF1B9AD3050032DB04 /* StreamingEntity.h */ = {isa = PBXFileReference; fileEncoding = 4; lastKnownFileType = sourcecode.c.h; path = StreamingEntity.h; sourceTree = "<group>"; };
		7ABAB6B01B9AD3050032DB04 /* StreamingEntity.m */ = {isa = PBXFileReference; fileEncoding = 4; lastKnownFileType = sourcecode.c.objc; path = StreamingEntity.m; sourceTree = "<group>"; };
		7AF44E2B1BA40BEA00886736 /* LeftPanelViewController.h */ = {isa = PBXFileReference; fileEncoding = 4; lastKnownFileType = sourcecode.c.h; path = LeftPanelViewController.h; sourceTree = "<group>"; };
		7AF44E2C1BA40BEA00886736 /* LeftPanelViewController.m */ = {isa = PBXFileReference; fileEncoding = 4; lastKnownFileType = sourcecode.c.objc; path = LeftPanelViewController.m; sourceTree = "<group>"; };
		7AF44E2F1BA424C100886736 /* AFHTTPRequestOperation.h */ = {isa = PBXFileReference; fileEncoding = 4; lastKnownFileType = sourcecode.c.h; path = AFHTTPRequestOperation.h; sourceTree = "<group>"; };
		7AF44E301BA424C100886736 /* AFHTTPRequestOperation.m */ = {isa = PBXFileReference; fileEncoding = 4; lastKnownFileType = sourcecode.c.objc; path = AFHTTPRequestOperation.m; sourceTree = "<group>"; };
		7AF44E311BA424C100886736 /* AFHTTPRequestOperationManager.h */ = {isa = PBXFileReference; fileEncoding = 4; lastKnownFileType = sourcecode.c.h; path = AFHTTPRequestOperationManager.h; sourceTree = "<group>"; };
		7AF44E321BA424C100886736 /* AFHTTPRequestOperationManager.m */ = {isa = PBXFileReference; fileEncoding = 4; lastKnownFileType = sourcecode.c.objc; path = AFHTTPRequestOperationManager.m; sourceTree = "<group>"; };
		7AF44E331BA424C100886736 /* AFHTTPSessionManager.h */ = {isa = PBXFileReference; fileEncoding = 4; lastKnownFileType = sourcecode.c.h; path = AFHTTPSessionManager.h; sourceTree = "<group>"; };
		7AF44E341BA424C100886736 /* AFHTTPSessionManager.m */ = {isa = PBXFileReference; fileEncoding = 4; lastKnownFileType = sourcecode.c.objc; path = AFHTTPSessionManager.m; sourceTree = "<group>"; };
		7AF44E351BA424C100886736 /* AFNetworking.h */ = {isa = PBXFileReference; fileEncoding = 4; lastKnownFileType = sourcecode.c.h; path = AFNetworking.h; sourceTree = "<group>"; };
		7AF44E361BA424C100886736 /* AFNetworkReachabilityManager.h */ = {isa = PBXFileReference; fileEncoding = 4; lastKnownFileType = sourcecode.c.h; path = AFNetworkReachabilityManager.h; sourceTree = "<group>"; };
		7AF44E371BA424C100886736 /* AFNetworkReachabilityManager.m */ = {isa = PBXFileReference; fileEncoding = 4; lastKnownFileType = sourcecode.c.objc; path = AFNetworkReachabilityManager.m; sourceTree = "<group>"; };
		7AF44E381BA424C100886736 /* AFSecurityPolicy.h */ = {isa = PBXFileReference; fileEncoding = 4; lastKnownFileType = sourcecode.c.h; path = AFSecurityPolicy.h; sourceTree = "<group>"; };
		7AF44E391BA424C100886736 /* AFSecurityPolicy.m */ = {isa = PBXFileReference; fileEncoding = 4; lastKnownFileType = sourcecode.c.objc; path = AFSecurityPolicy.m; sourceTree = "<group>"; };
		7AF44E3A1BA424C100886736 /* AFURLConnectionOperation.h */ = {isa = PBXFileReference; fileEncoding = 4; lastKnownFileType = sourcecode.c.h; path = AFURLConnectionOperation.h; sourceTree = "<group>"; };
		7AF44E3B1BA424C100886736 /* AFURLConnectionOperation.m */ = {isa = PBXFileReference; fileEncoding = 4; lastKnownFileType = sourcecode.c.objc; path = AFURLConnectionOperation.m; sourceTree = "<group>"; };
		7AF44E3C1BA424C100886736 /* AFURLRequestSerialization.h */ = {isa = PBXFileReference; fileEncoding = 4; lastKnownFileType = sourcecode.c.h; path = AFURLRequestSerialization.h; sourceTree = "<group>"; };
		7AF44E3D1BA424C100886736 /* AFURLRequestSerialization.m */ = {isa = PBXFileReference; fileEncoding = 4; lastKnownFileType = sourcecode.c.objc; path = AFURLRequestSerialization.m; sourceTree = "<group>"; };
		7AF44E3E1BA424C100886736 /* AFURLResponseSerialization.h */ = {isa = PBXFileReference; fileEncoding = 4; lastKnownFileType = sourcecode.c.h; path = AFURLResponseSerialization.h; sourceTree = "<group>"; };
		7AF44E3F1BA424C100886736 /* AFURLResponseSerialization.m */ = {isa = PBXFileReference; fileEncoding = 4; lastKnownFileType = sourcecode.c.objc; path = AFURLResponseSerialization.m; sourceTree = "<group>"; };
		7AF44E401BA424C100886736 /* AFURLSessionManager.h */ = {isa = PBXFileReference; fileEncoding = 4; lastKnownFileType = sourcecode.c.h; path = AFURLSessionManager.h; sourceTree = "<group>"; };
		7AF44E411BA424C100886736 /* AFURLSessionManager.m */ = {isa = PBXFileReference; fileEncoding = 4; lastKnownFileType = sourcecode.c.objc; path = AFURLSessionManager.m; sourceTree = "<group>"; };
		7AF44E431BA424C100886736 /* AFNetworkActivityIndicatorManager.h */ = {isa = PBXFileReference; fileEncoding = 4; lastKnownFileType = sourcecode.c.h; path = AFNetworkActivityIndicatorManager.h; sourceTree = "<group>"; };
		7AF44E441BA424C100886736 /* AFNetworkActivityIndicatorManager.m */ = {isa = PBXFileReference; fileEncoding = 4; lastKnownFileType = sourcecode.c.objc; path = AFNetworkActivityIndicatorManager.m; sourceTree = "<group>"; };
		7AF44E451BA424C100886736 /* UIActivityIndicatorView+AFNetworking.h */ = {isa = PBXFileReference; fileEncoding = 4; lastKnownFileType = sourcecode.c.h; path = "UIActivityIndicatorView+AFNetworking.h"; sourceTree = "<group>"; };
		7AF44E461BA424C100886736 /* UIActivityIndicatorView+AFNetworking.m */ = {isa = PBXFileReference; fileEncoding = 4; lastKnownFileType = sourcecode.c.objc; path = "UIActivityIndicatorView+AFNetworking.m"; sourceTree = "<group>"; };
		7AF44E471BA424C100886736 /* UIAlertView+AFNetworking.h */ = {isa = PBXFileReference; fileEncoding = 4; lastKnownFileType = sourcecode.c.h; path = "UIAlertView+AFNetworking.h"; sourceTree = "<group>"; };
		7AF44E481BA424C100886736 /* UIAlertView+AFNetworking.m */ = {isa = PBXFileReference; fileEncoding = 4; lastKnownFileType = sourcecode.c.objc; path = "UIAlertView+AFNetworking.m"; sourceTree = "<group>"; };
		7AF44E491BA424C100886736 /* UIButton+AFNetworking.h */ = {isa = PBXFileReference; fileEncoding = 4; lastKnownFileType = sourcecode.c.h; path = "UIButton+AFNetworking.h"; sourceTree = "<group>"; };
		7AF44E4A1BA424C100886736 /* UIButton+AFNetworking.m */ = {isa = PBXFileReference; fileEncoding = 4; lastKnownFileType = sourcecode.c.objc; path = "UIButton+AFNetworking.m"; sourceTree = "<group>"; };
		7AF44E4B1BA424C100886736 /* UIImage+AFNetworking.h */ = {isa = PBXFileReference; fileEncoding = 4; lastKnownFileType = sourcecode.c.h; path = "UIImage+AFNetworking.h"; sourceTree = "<group>"; };
		7AF44E4C1BA424C100886736 /* UIImageView+AFNetworking.h */ = {isa = PBXFileReference; fileEncoding = 4; lastKnownFileType = sourcecode.c.h; path = "UIImageView+AFNetworking.h"; sourceTree = "<group>"; };
		7AF44E4D1BA424C100886736 /* UIImageView+AFNetworking.m */ = {isa = PBXFileReference; fileEncoding = 4; lastKnownFileType = sourcecode.c.objc; path = "UIImageView+AFNetworking.m"; sourceTree = "<group>"; };
		7AF44E4E1BA424C100886736 /* UIKit+AFNetworking.h */ = {isa = PBXFileReference; fileEncoding = 4; lastKnownFileType = sourcecode.c.h; path = "UIKit+AFNetworking.h"; sourceTree = "<group>"; };
		7AF44E4F1BA424C100886736 /* UIProgressView+AFNetworking.h */ = {isa = PBXFileReference; fileEncoding = 4; lastKnownFileType = sourcecode.c.h; path = "UIProgressView+AFNetworking.h"; sourceTree = "<group>"; };
		7AF44E501BA424C100886736 /* UIProgressView+AFNetworking.m */ = {isa = PBXFileReference; fileEncoding = 4; lastKnownFileType = sourcecode.c.objc; path = "UIProgressView+AFNetworking.m"; sourceTree = "<group>"; };
		7AF44E511BA424C100886736 /* UIRefreshControl+AFNetworking.h */ = {isa = PBXFileReference; fileEncoding = 4; lastKnownFileType = sourcecode.c.h; path = "UIRefreshControl+AFNetworking.h"; sourceTree = "<group>"; };
		7AF44E521BA424C100886736 /* UIRefreshControl+AFNetworking.m */ = {isa = PBXFileReference; fileEncoding = 4; lastKnownFileType = sourcecode.c.objc; path = "UIRefreshControl+AFNetworking.m"; sourceTree = "<group>"; };
		7AF44E531BA424C100886736 /* UIWebView+AFNetworking.h */ = {isa = PBXFileReference; fileEncoding = 4; lastKnownFileType = sourcecode.c.h; path = "UIWebView+AFNetworking.h"; sourceTree = "<group>"; };
		7AF44E541BA424C100886736 /* UIWebView+AFNetworking.m */ = {isa = PBXFileReference; fileEncoding = 4; lastKnownFileType = sourcecode.c.objc; path = "UIWebView+AFNetworking.m"; sourceTree = "<group>"; };
		7AF44E661BA426F600886736 /* Security.framework */ = {isa = PBXFileReference; lastKnownFileType = wrapper.framework; name = Security.framework; path = System/Library/Frameworks/Security.framework; sourceTree = SDKROOT; };
		7AF44E691BA42D5200886736 /* RootViewController.h */ = {isa = PBXFileReference; fileEncoding = 4; lastKnownFileType = sourcecode.c.h; path = RootViewController.h; sourceTree = "<group>"; };
		7AF44E6A1BA42D5200886736 /* RootViewController.m */ = {isa = PBXFileReference; fileEncoding = 4; lastKnownFileType = sourcecode.c.objc; path = RootViewController.m; sourceTree = "<group>"; };
		7AF44E6E1BA434B900886736 /* LeftPanelItemTableViewCell.h */ = {isa = PBXFileReference; fileEncoding = 4; lastKnownFileType = sourcecode.c.h; path = LeftPanelItemTableViewCell.h; sourceTree = "<group>"; };
		7AF44E6F1BA434B900886736 /* LeftPanelItemTableViewCell.m */ = {isa = PBXFileReference; fileEncoding = 4; lastKnownFileType = sourcecode.c.objc; path = LeftPanelItemTableViewCell.m; sourceTree = "<group>"; };
		7AF44E711BA444A100886736 /* LeftPanelProtocol.h */ = {isa = PBXFileReference; fileEncoding = 4; lastKnownFileType = sourcecode.c.h; path = LeftPanelProtocol.h; sourceTree = "<group>"; };
		7AF472DC1BA1B09A00B523F1 /* StreamCollectionViewCell.h */ = {isa = PBXFileReference; fileEncoding = 4; lastKnownFileType = sourcecode.c.h; path = StreamCollectionViewCell.h; sourceTree = "<group>"; };
		7AF472DD1BA1B09A00B523F1 /* StreamCollectionViewCell.m */ = {isa = PBXFileReference; fileEncoding = 4; lastKnownFileType = sourcecode.c.objc; path = StreamCollectionViewCell.m; sourceTree = "<group>"; };
/* End PBXFileReference section */

/* Begin PBXFrameworksBuildPhase section */
		7ABAB65F1B9ABE4C0032DB04 /* Frameworks */ = {
			isa = PBXFrameworksBuildPhase;
			buildActionMask = 2147483647;
			files = (
				7AF44E671BA426F600886736 /* Security.framework in Frameworks */,
				7AA52C811B9C57630035F26F /* OpenGLES.framework in Frameworks */,
				7AA52C7F1B9C57480035F26F /* QuartzCore.framework in Frameworks */,
				7AA52C7D1B9C569E0035F26F /* Foundation.framework in Frameworks */,
				7AA52C7B1B9C56970035F26F /* UIKit.framework in Frameworks */,
				7AA52C791B9C56910035F26F /* CoreGraphics.framework in Frameworks */,
				7A48E1471B9C6F8400BDCFD2 /* GStreamer.framework in Frameworks */,
				7ABAB6AD1B9ACC190032DB04 /* libxml2.2.dylib in Frameworks */,
			);
			runOnlyForDeploymentPostprocessing = 0;
		};
		7ABAB6781B9ABE4C0032DB04 /* Frameworks */ = {
			isa = PBXFrameworksBuildPhase;
			buildActionMask = 2147483647;
			files = (
			);
			runOnlyForDeploymentPostprocessing = 0;
		};
/* End PBXFrameworksBuildPhase section */

/* Begin PBXGroup section */
		7A07F10F1BA554CA00D5E5A7 /* Resource */ = {
			isa = PBXGroup;
			children = (
				7A07F1101BA554CA00D5E5A7 /* Pause.png */,
				7A07F1111BA554CA00D5E5A7 /* Play.png */,
			);
			path = Resource;
			sourceTree = "<group>";
		};
		7A07F1141BA5674D00D5E5A7 /* ScheduleViewController */ = {
			isa = PBXGroup;
			children = (
				7A07F1181BA56A9C00D5E5A7 /* Cells */,
				7A07F1191BA56A9C00D5E5A7 /* Views */,
				7A07F1151BA5675B00D5E5A7 /* ScheduleViewController.h */,
				7A07F1161BA5675B00D5E5A7 /* ScheduleViewController.m */,
				7A07F11D1BA56B9200D5E5A7 /* ScheduleEntity.h */,
				7A07F11E1BA56B9200D5E5A7 /* ScheduleEntity.m */,
			);
			path = ScheduleViewController;
			sourceTree = "<group>";
		};
		7A07F1181BA56A9C00D5E5A7 /* Cells */ = {
			isa = PBXGroup;
			children = (
				7A07F11A1BA56AAD00D5E5A7 /* ScheduleTableViewCell.h */,
				7A07F11B1BA56AAD00D5E5A7 /* ScheduleTableViewCell.m */,
			);
			path = Cells;
			sourceTree = "<group>";
		};
		7A07F1191BA56A9C00D5E5A7 /* Views */ = {
			isa = PBXGroup;
			children = (
			);
			path = Views;
			sourceTree = "<group>";
		};
		7A48E1361B9C664400BDCFD2 /* gst */ = {
			isa = PBXGroup;
			children = (
				7A48E16C1B9C779300BDCFD2 /* fonts.conf */,
				7A48E16D1B9C779300BDCFD2 /* gst_ios_init.h */,
				7A48E16E1B9C779300BDCFD2 /* gst_ios_init.m */,
				7A48E16F1B9C779300BDCFD2 /* Ubuntu-R.ttf */,
				7A48E1371B9C664400BDCFD2 /* EaglUIVIew.h */,
				7A48E1381B9C664400BDCFD2 /* EaglUIVIew.m */,
				7A48E1391B9C664400BDCFD2 /* player */,
				7A48E1401B9C664400BDCFD2 /* VideoViewController.h */,
				7A48E1411B9C664400BDCFD2 /* VideoViewController.m */,
			);
			path = gst;
			sourceTree = "<group>";
		};
		7A48E1391B9C664400BDCFD2 /* player */ = {
			isa = PBXGroup;
			children = (
				7A48E15D1B9C746600BDCFD2 /* gstplayer-media-info-private.h */,
				7A48E15E1B9C746600BDCFD2 /* gstplayer-media-info.c */,
				7A48E15F1B9C746600BDCFD2 /* gstplayer-media-info.h */,
				7A48E1601B9C746600BDCFD2 /* gstplayer.c */,
				7A48E1611B9C746600BDCFD2 /* gstplayer.h */,
				7A48E1621B9C746600BDCFD2 /* player.h */,
			);
			path = player;
			sourceTree = "<group>";
		};
		7A74017F1B9C476500CAF2A6 /* FrameWorks */ = {
			isa = PBXGroup;
			children = (
				7A48E1361B9C664400BDCFD2 /* gst */,
				7A7401951B9C4A5700CAF2A6 /* ESFrameworks */,
				7A7401801B9C476500CAF2A6 /* Categories */,
				7A7401811B9C476500CAF2A6 /* ParentClasses */,
			);
			name = FrameWorks;
			path = LiveCoding/FrameWorks;
			sourceTree = "<group>";
		};
		7A7401801B9C476500CAF2A6 /* Categories */ = {
			isa = PBXGroup;
			children = (
			);
			path = Categories;
			sourceTree = "<group>";
		};
		7A7401811B9C476500CAF2A6 /* ParentClasses */ = {
			isa = PBXGroup;
			children = (
				7A7401921B9C484000CAF2A6 /* ESViewController.h */,
				7A7401931B9C484000CAF2A6 /* ESViewController.m */,
			);
			path = ParentClasses;
			sourceTree = "<group>";
		};
		7A7401951B9C4A5700CAF2A6 /* ESFrameworks */ = {
			isa = PBXGroup;
			children = (
				7A7401961B9C4A5700CAF2A6 /* AlertView */,
				7A7401991B9C4A5700CAF2A6 /* EGOTableViewPullRefresh */,
				7A7401A71B9C4A5700CAF2A6 /* ESGridView */,
				7A7401AF1B9C4A5700CAF2A6 /* ESImage */,
				7A7401C51B9C4A5700CAF2A6 /* Network */,
			);
			path = ESFrameworks;
			sourceTree = "<group>";
		};
		7A7401961B9C4A5700CAF2A6 /* AlertView */ = {
			isa = PBXGroup;
			children = (
				7A7401971B9C4A5700CAF2A6 /* UIAlertView+Blocks.h */,
				7A7401981B9C4A5700CAF2A6 /* UIAlertView+Blocks.m */,
			);
			path = AlertView;
			sourceTree = "<group>";
		};
		7A7401991B9C4A5700CAF2A6 /* EGOTableViewPullRefresh */ = {
			isa = PBXGroup;
			children = (
				7A74019A1B9C4A5700CAF2A6 /* Classes */,
				7A74019E1B9C4A5700CAF2A6 /* Resources */,
			);
			path = EGOTableViewPullRefresh;
			sourceTree = "<group>";
		};
		7A74019A1B9C4A5700CAF2A6 /* Classes */ = {
			isa = PBXGroup;
			children = (
				7A74019B1B9C4A5700CAF2A6 /* View */,
			);
			path = Classes;
			sourceTree = "<group>";
		};
		7A74019B1B9C4A5700CAF2A6 /* View */ = {
			isa = PBXGroup;
			children = (
				7A74019C1B9C4A5700CAF2A6 /* EGORefreshTableHeaderView.h */,
				7A74019D1B9C4A5700CAF2A6 /* EGORefreshTableHeaderView.m */,
			);
			path = View;
			sourceTree = "<group>";
		};
		7A74019E1B9C4A5700CAF2A6 /* Resources */ = {
			isa = PBXGroup;
			children = (
				7A74019F1B9C4A5700CAF2A6 /* blackArrow.png */,
				7A7401A01B9C4A5700CAF2A6 /* blackArrow@2x.png */,
				7A7401A11B9C4A5700CAF2A6 /* blueArrow.png */,
				7A7401A21B9C4A5700CAF2A6 /* blueArrow@2x.png */,
				7A7401A31B9C4A5700CAF2A6 /* grayArrow.png */,
				7A7401A41B9C4A5700CAF2A6 /* grayArrow@2x.png */,
				7A7401A51B9C4A5700CAF2A6 /* whiteArrow.png */,
				7A7401A61B9C4A5700CAF2A6 /* whiteArrow@2x.png */,
			);
			path = Resources;
			sourceTree = "<group>";
		};
		7A7401A71B9C4A5700CAF2A6 /* ESGridView */ = {
			isa = PBXGroup;
			children = (
				7A7401A81B9C4A5700CAF2A6 /* ESGridView-Constants.h */,
				7A7401A91B9C4A5700CAF2A6 /* ESGridView.h */,
				7A7401AA1B9C4A5700CAF2A6 /* ESGridView.m */,
				7A7401AB1B9C4A5700CAF2A6 /* ESGridViewCell.h */,
				7A7401AC1B9C4A5700CAF2A6 /* ESGridViewCell.m */,
				7A7401AD1B9C4A5700CAF2A6 /* ESGridViewLayoutStrategies.h */,
				7A7401AE1B9C4A5700CAF2A6 /* ESGridViewLayoutStrategies.m */,
			);
			path = ESGridView;
			sourceTree = "<group>";
		};
		7A7401AF1B9C4A5700CAF2A6 /* ESImage */ = {
			isa = PBXGroup;
			children = (
				7A7401B01B9C4A5700CAF2A6 /* ESAnimation.h */,
				7A7401B11B9C4A5700CAF2A6 /* ESAnimation.m */,
				7A7401B21B9C4A5700CAF2A6 /* ESImage-Constants.h */,
				7A7401B31B9C4A5700CAF2A6 /* ESImage.h */,
				7A7401B41B9C4A5700CAF2A6 /* ESImage.m */,
				7A7401B51B9C4A5700CAF2A6 /* ESImageView.h */,
				7A7401B61B9C4A5700CAF2A6 /* ESImageView.m */,
				7A7401B71B9C4A5700CAF2A6 /* ImageManager.h */,
				7A7401B81B9C4A5700CAF2A6 /* ImageManager.m */,
				7A7401B91B9C4A5700CAF2A6 /* ImageOperation.h */,
				7A7401BA1B9C4A5700CAF2A6 /* ImageOperation.m */,
				7A7401BB1B9C4A5700CAF2A6 /* UIImage-Categories */,
			);
			path = ESImage;
			sourceTree = "<group>";
		};
		7A7401BB1B9C4A5700CAF2A6 /* UIImage-Categories */ = {
			isa = PBXGroup;
			children = (
				7A7401BC1B9C4A5700CAF2A6 /* LICENSE */,
				7A7401BD1B9C4A5700CAF2A6 /* README.md */,
				7A7401BE1B9C4A5700CAF2A6 /* UIImage+Alpha.h */,
				7A7401BF1B9C4A5700CAF2A6 /* UIImage+Alpha.m */,
				7A7401C01B9C4A5700CAF2A6 /* UIImage+Resize.h */,
				7A7401C11B9C4A5700CAF2A6 /* UIImage+Resize.m */,
				7A7401C21B9C4A5700CAF2A6 /* UIImage+RoundedCorner.h */,
				7A7401C31B9C4A5700CAF2A6 /* UIImage+RoundedCorner.m */,
				7A7401C41B9C4A5700CAF2A6 /* UIImage-Categories.podspec */,
			);
			path = "UIImage-Categories";
			sourceTree = "<group>";
		};
		7A7401C51B9C4A5700CAF2A6 /* Network */ = {
			isa = PBXGroup;
			children = (
				7A7401C61B9C4A5700CAF2A6 /* ESNetwork.h */,
				7A7401C71B9C4A5700CAF2A6 /* ESNetwork.m */,
				7A7401C81B9C4A5700CAF2A6 /* ESNetworkConfig.h */,
				7A7401C91B9C4A5700CAF2A6 /* ESNetworkProtocol.h */,
				7A7401CA1B9C4A5700CAF2A6 /* ESNetworkReceiveProtocol.h */,
				7A7401CB1B9C4A5700CAF2A6 /* ESNetworkRestfulOperaton.h */,
				7A7401CC1B9C4A5700CAF2A6 /* ESNetworkRestfulOperaton.m */,
				7A7401CD1B9C4A5700CAF2A6 /* ESOperation.h */,
				7A7401CE1B9C4A5700CAF2A6 /* ESOperation.m */,
				7A7401CF1B9C4A5700CAF2A6 /* Reachability.h */,
				7A7401D01B9C4A5700CAF2A6 /* Reachability.m */,
			);
			path = Network;
			sourceTree = "<group>";
		};
		7A7401ED1B9C4D5B00CAF2A6 /* StreamPlayerViewController */ = {
			isa = PBXGroup;
			children = (
				7A7401EE1B9C4D7C00CAF2A6 /* StreamPlayerViewController.h */,
				7A7401EF1B9C4D7C00CAF2A6 /* StreamPlayerViewController.m */,
			);
			path = StreamPlayerViewController;
			sourceTree = "<group>";
		};
		7AA52C821B9C5A330035F26F /* MenuViewController */ = {
			isa = PBXGroup;
			children = (
				7AA52C831B9C5A3C0035F26F /* MenuViewController.h */,
				7AA52C841B9C5A3C0035F26F /* MenuViewController.m */,
			);
			path = MenuViewController;
			sourceTree = "<group>";
		};
		7ABAB6591B9ABE4C0032DB04 = {
			isa = PBXGroup;
			children = (
				7AF44E661BA426F600886736 /* Security.framework */,
				7A48E1221B9C62EB00BDCFD2 /* LiveCoding-prefix.pch */,
				7A48E1461B9C6F8400BDCFD2 /* GStreamer.framework */,
				7AA52C801B9C57630035F26F /* OpenGLES.framework */,
				7AA52C7E1B9C57480035F26F /* QuartzCore.framework */,
				7AA52C7C1B9C569E0035F26F /* Foundation.framework */,
				7AA52C7A1B9C56970035F26F /* UIKit.framework */,
				7AA52C781B9C56910035F26F /* CoreGraphics.framework */,
				7ABAB6AC1B9ACC190032DB04 /* libxml2.2.dylib */,
				7A07F10F1BA554CA00D5E5A7 /* Resource */,
				7A74017F1B9C476500CAF2A6 /* FrameWorks */,
				7ABAB6641B9ABE4C0032DB04 /* LiveCoding */,
				7ABAB67E1B9ABE4C0032DB04 /* LiveCodingTests */,
				7ABAB6631B9ABE4C0032DB04 /* Products */,
			);
			sourceTree = "<group>";
		};
		7ABAB6631B9ABE4C0032DB04 /* Products */ = {
			isa = PBXGroup;
			children = (
				7ABAB6621B9ABE4C0032DB04 /* LiveCoding.app */,
				7ABAB67B1B9ABE4C0032DB04 /* LiveCodingTests.xctest */,
			);
			name = Products;
			sourceTree = "<group>";
		};
		7ABAB6641B9ABE4C0032DB04 /* LiveCoding */ = {
			isa = PBXGroup;
			children = (
				7ABAB69D1B9ACB020032DB04 /* Libraries */,
				7ABAB68E1B9AC0A50032DB04 /* Classes */,
				7ABAB6691B9ABE4C0032DB04 /* AppDelegate.h */,
				7ABAB66A1B9ABE4C0032DB04 /* AppDelegate.m */,
				7ABAB66F1B9ABE4C0032DB04 /* Main.storyboard */,
				7ABAB6721B9ABE4C0032DB04 /* Images.xcassets */,
				7ABAB6741B9ABE4C0032DB04 /* LaunchScreen.xib */,
				7ABAB6651B9ABE4C0032DB04 /* Supporting Files */,
			);
			path = LiveCoding;
			sourceTree = "<group>";
		};
		7ABAB6651B9ABE4C0032DB04 /* Supporting Files */ = {
			isa = PBXGroup;
			children = (
				7ABAB6661B9ABE4C0032DB04 /* Info.plist */,
				7ABAB6671B9ABE4C0032DB04 /* main.m */,
			);
			name = "Supporting Files";
			sourceTree = "<group>";
		};
		7ABAB67E1B9ABE4C0032DB04 /* LiveCodingTests */ = {
			isa = PBXGroup;
			children = (
				7ABAB6811B9ABE4C0032DB04 /* LiveCodingTests.m */,
				7ABAB67F1B9ABE4C0032DB04 /* Supporting Files */,
			);
			path = LiveCodingTests;
			sourceTree = "<group>";
		};
		7ABAB67F1B9ABE4C0032DB04 /* Supporting Files */ = {
			isa = PBXGroup;
			children = (
				7ABAB6801B9ABE4C0032DB04 /* Info.plist */,
			);
			name = "Supporting Files";
			sourceTree = "<group>";
		};
		7ABAB68E1B9AC0A50032DB04 /* Classes */ = {
			isa = PBXGroup;
			children = (
				7ABAB6AE1B9AD2EC0032DB04 /* Object */,
				7ABAB68F1B9AC0BF0032DB04 /* VIewControllers */,
			);
			path = Classes;
			sourceTree = "<group>";
		};
		7ABAB68F1B9AC0BF0032DB04 /* VIewControllers */ = {
			isa = PBXGroup;
			children = (
				7A07F1141BA5674D00D5E5A7 /* ScheduleViewController */,
				7AF44E681BA42D1600886736 /* RootViewController */,
				7AF44E2A1BA40BDC00886736 /* LeftPanelVIewController */,
				7ABAB6931B9AC1ED0032DB04 /* StreamListViewController */,
				7A7401ED1B9C4D5B00CAF2A6 /* StreamPlayerViewController */,
				7AA52C821B9C5A330035F26F /* MenuViewController */,
			);
			path = VIewControllers;
			sourceTree = "<group>";
		};
		7ABAB6931B9AC1ED0032DB04 /* StreamListViewController */ = {
			isa = PBXGroup;
			children = (
				7ABAB6941B9AC1ED0032DB04 /* Cells */,
				7ABAB6971B9AC1ED0032DB04 /* Views */,
				7ABAB6951B9AC1ED0032DB04 /* StreamListViewController.h */,
				7ABAB6961B9AC1ED0032DB04 /* StreamListViewController.m */,
			);
			path = StreamListViewController;
			sourceTree = "<group>";
		};
		7ABAB6941B9AC1ED0032DB04 /* Cells */ = {
			isa = PBXGroup;
			children = (
				7ABAB6991B9AC21C0032DB04 /* StreamEntityTableViewCell.h */,
				7ABAB69A1B9AC21C0032DB04 /* StreamEntityTableViewCell.m */,
				7AF472DC1BA1B09A00B523F1 /* StreamCollectionViewCell.h */,
				7AF472DD1BA1B09A00B523F1 /* StreamCollectionViewCell.m */,
			);
			path = Cells;
			sourceTree = "<group>";
		};
		7ABAB6971B9AC1ED0032DB04 /* Views */ = {
			isa = PBXGroup;
			children = (
			);
			path = Views;
			sourceTree = "<group>";
		};
		7ABAB69D1B9ACB020032DB04 /* Libraries */ = {
			isa = PBXGroup;
			children = (
				7AF44E2E1BA424C100886736 /* AFNetworking */,
				7AF44E421BA424C100886736 /* UIKit+AFNetworking */,
				7ABAB69E1B9ACB020032DB04 /* TFHpple */,
			);
			path = Libraries;
			sourceTree = "<group>";
		};
		7ABAB69E1B9ACB020032DB04 /* TFHpple */ = {
			isa = PBXGroup;
			children = (
				7ABAB69F1B9ACB020032DB04 /* TFHpple.h */,
				7ABAB6A01B9ACB020032DB04 /* TFHpple.m */,
				7ABAB6A11B9ACB020032DB04 /* TFHppleElement.h */,
				7ABAB6A21B9ACB020032DB04 /* TFHppleElement.m */,
				7ABAB6A31B9ACB020032DB04 /* XPathQuery.h */,
				7ABAB6A41B9ACB020032DB04 /* XPathQuery.m */,
			);
			path = TFHpple;
			sourceTree = "<group>";
		};
		7ABAB6AE1B9AD2EC0032DB04 /* Object */ = {
			isa = PBXGroup;
			children = (
				7A48E1771B9C7B3A00BDCFD2 /* Configs.h */,
				7A48E1781B9C7B3A00BDCFD2 /* Configs.m */,
				7A48E1741B9C7B2800BDCFD2 /* CommonUtils.h */,
				7A48E1751B9C7B2800BDCFD2 /* CommonUtils.m */,
				7ABAB6AF1B9AD3050032DB04 /* StreamingEntity.h */,
				7ABAB6B01B9AD3050032DB04 /* StreamingEntity.m */,
			);
			path = Object;
			sourceTree = "<group>";
		};
		7AF44E2A1BA40BDC00886736 /* LeftPanelVIewController */ = {
			isa = PBXGroup;
			children = (
				7AF44E6C1BA4349C00886736 /* Cells */,
				7AF44E6D1BA4349C00886736 /* Views */,
				7AF44E2B1BA40BEA00886736 /* LeftPanelViewController.h */,
				7AF44E2C1BA40BEA00886736 /* LeftPanelViewController.m */,
				7AF44E711BA444A100886736 /* LeftPanelProtocol.h */,
			);
			path = LeftPanelVIewController;
			sourceTree = "<group>";
		};
		7AF44E2E1BA424C100886736 /* AFNetworking */ = {
			isa = PBXGroup;
			children = (
				7AF44E2F1BA424C100886736 /* AFHTTPRequestOperation.h */,
				7AF44E301BA424C100886736 /* AFHTTPRequestOperation.m */,
				7AF44E311BA424C100886736 /* AFHTTPRequestOperationManager.h */,
				7AF44E321BA424C100886736 /* AFHTTPRequestOperationManager.m */,
				7AF44E331BA424C100886736 /* AFHTTPSessionManager.h */,
				7AF44E341BA424C100886736 /* AFHTTPSessionManager.m */,
				7AF44E351BA424C100886736 /* AFNetworking.h */,
				7AF44E361BA424C100886736 /* AFNetworkReachabilityManager.h */,
				7AF44E371BA424C100886736 /* AFNetworkReachabilityManager.m */,
				7AF44E381BA424C100886736 /* AFSecurityPolicy.h */,
				7AF44E391BA424C100886736 /* AFSecurityPolicy.m */,
				7AF44E3A1BA424C100886736 /* AFURLConnectionOperation.h */,
				7AF44E3B1BA424C100886736 /* AFURLConnectionOperation.m */,
				7AF44E3C1BA424C100886736 /* AFURLRequestSerialization.h */,
				7AF44E3D1BA424C100886736 /* AFURLRequestSerialization.m */,
				7AF44E3E1BA424C100886736 /* AFURLResponseSerialization.h */,
				7AF44E3F1BA424C100886736 /* AFURLResponseSerialization.m */,
				7AF44E401BA424C100886736 /* AFURLSessionManager.h */,
				7AF44E411BA424C100886736 /* AFURLSessionManager.m */,
			);
			path = AFNetworking;
			sourceTree = "<group>";
		};
		7AF44E421BA424C100886736 /* UIKit+AFNetworking */ = {
			isa = PBXGroup;
			children = (
				7AF44E431BA424C100886736 /* AFNetworkActivityIndicatorManager.h */,
				7AF44E441BA424C100886736 /* AFNetworkActivityIndicatorManager.m */,
				7AF44E451BA424C100886736 /* UIActivityIndicatorView+AFNetworking.h */,
				7AF44E461BA424C100886736 /* UIActivityIndicatorView+AFNetworking.m */,
				7AF44E471BA424C100886736 /* UIAlertView+AFNetworking.h */,
				7AF44E481BA424C100886736 /* UIAlertView+AFNetworking.m */,
				7AF44E491BA424C100886736 /* UIButton+AFNetworking.h */,
				7AF44E4A1BA424C100886736 /* UIButton+AFNetworking.m */,
				7AF44E4B1BA424C100886736 /* UIImage+AFNetworking.h */,
				7AF44E4C1BA424C100886736 /* UIImageView+AFNetworking.h */,
				7AF44E4D1BA424C100886736 /* UIImageView+AFNetworking.m */,
				7AF44E4E1BA424C100886736 /* UIKit+AFNetworking.h */,
				7AF44E4F1BA424C100886736 /* UIProgressView+AFNetworking.h */,
				7AF44E501BA424C100886736 /* UIProgressView+AFNetworking.m */,
				7AF44E511BA424C100886736 /* UIRefreshControl+AFNetworking.h */,
				7AF44E521BA424C100886736 /* UIRefreshControl+AFNetworking.m */,
				7AF44E531BA424C100886736 /* UIWebView+AFNetworking.h */,
				7AF44E541BA424C100886736 /* UIWebView+AFNetworking.m */,
			);
			path = "UIKit+AFNetworking";
			sourceTree = "<group>";
		};
		7AF44E681BA42D1600886736 /* RootViewController */ = {
			isa = PBXGroup;
			children = (
				7AF44E691BA42D5200886736 /* RootViewController.h */,
				7AF44E6A1BA42D5200886736 /* RootViewController.m */,
			);
			path = RootViewController;
			sourceTree = "<group>";
		};
		7AF44E6C1BA4349C00886736 /* Cells */ = {
			isa = PBXGroup;
			children = (
				7AF44E6E1BA434B900886736 /* LeftPanelItemTableViewCell.h */,
				7AF44E6F1BA434B900886736 /* LeftPanelItemTableViewCell.m */,
			);
			path = Cells;
			sourceTree = "<group>";
		};
		7AF44E6D1BA4349C00886736 /* Views */ = {
			isa = PBXGroup;
			children = (
			);
			path = Views;
			sourceTree = "<group>";
		};
/* End PBXGroup section */

/* Begin PBXNativeTarget section */
		7ABAB6611B9ABE4C0032DB04 /* LiveCoding */ = {
			isa = PBXNativeTarget;
			buildConfigurationList = 7ABAB6851B9ABE4C0032DB04 /* Build configuration list for PBXNativeTarget "LiveCoding" */;
			buildPhases = (
				7ABAB65E1B9ABE4C0032DB04 /* Sources */,
				7ABAB65F1B9ABE4C0032DB04 /* Frameworks */,
				7ABAB6601B9ABE4C0032DB04 /* Resources */,
			);
			buildRules = (
			);
			dependencies = (
			);
			name = LiveCoding;
			productName = LiveCoding;
			productReference = 7ABAB6621B9ABE4C0032DB04 /* LiveCoding.app */;
			productType = "com.apple.product-type.application";
		};
		7ABAB67A1B9ABE4C0032DB04 /* LiveCodingTests */ = {
			isa = PBXNativeTarget;
			buildConfigurationList = 7ABAB6881B9ABE4C0032DB04 /* Build configuration list for PBXNativeTarget "LiveCodingTests" */;
			buildPhases = (
				7ABAB6771B9ABE4C0032DB04 /* Sources */,
				7ABAB6781B9ABE4C0032DB04 /* Frameworks */,
				7ABAB6791B9ABE4C0032DB04 /* Resources */,
			);
			buildRules = (
			);
			dependencies = (
				7ABAB67D1B9ABE4C0032DB04 /* PBXTargetDependency */,
			);
			name = LiveCodingTests;
			productName = LiveCodingTests;
			productReference = 7ABAB67B1B9ABE4C0032DB04 /* LiveCodingTests.xctest */;
			productType = "com.apple.product-type.bundle.unit-test";
		};
/* End PBXNativeTarget section */

/* Begin PBXProject section */
		7ABAB65A1B9ABE4C0032DB04 /* Project object */ = {
			isa = PBXProject;
			attributes = {
				LastUpgradeCheck = 0640;
				ORGANIZATIONNAME = "Kim DaeHyun";
				TargetAttributes = {
					7ABAB6611B9ABE4C0032DB04 = {
						CreatedOnToolsVersion = 6.4;
					};
					7ABAB67A1B9ABE4C0032DB04 = {
						CreatedOnToolsVersion = 6.4;
						TestTargetID = 7ABAB6611B9ABE4C0032DB04;
					};
				};
			};
			buildConfigurationList = 7ABAB65D1B9ABE4C0032DB04 /* Build configuration list for PBXProject "LiveCoding" */;
			compatibilityVersion = "Xcode 3.2";
			developmentRegion = English;
			hasScannedForEncodings = 0;
			knownRegions = (
				en,
				Base,
			);
			mainGroup = 7ABAB6591B9ABE4C0032DB04;
			productRefGroup = 7ABAB6631B9ABE4C0032DB04 /* Products */;
			projectDirPath = "";
			projectRoot = "";
			targets = (
				7ABAB6611B9ABE4C0032DB04 /* LiveCoding */,
				7ABAB67A1B9ABE4C0032DB04 /* LiveCodingTests */,
			);
		};
/* End PBXProject section */

/* Begin PBXResourcesBuildPhase section */
		7ABAB6601B9ABE4C0032DB04 /* Resources */ = {
			isa = PBXResourcesBuildPhase;
			buildActionMask = 2147483647;
			files = (
				7ABAB6711B9ABE4C0032DB04 /* Main.storyboard in Resources */,
				7A07F1121BA554CA00D5E5A7 /* Pause.png in Resources */,
				7A7401D31B9C4A5700CAF2A6 /* blackArrow.png in Resources */,
				7ABAB6761B9ABE4C0032DB04 /* LaunchScreen.xib in Resources */,
				7A7401E81B9C4A5700CAF2A6 /* UIImage-Categories.podspec in Resources */,
				7A07F1131BA554CA00D5E5A7 /* Play.png in Resources */,
				7A48E1701B9C779300BDCFD2 /* fonts.conf in Resources */,
				7A7401DA1B9C4A5700CAF2A6 /* whiteArrow@2x.png in Resources */,
				7A48E1721B9C779300BDCFD2 /* Ubuntu-R.ttf in Resources */,
				7A7401D81B9C4A5700CAF2A6 /* grayArrow@2x.png in Resources */,
				7A7401D61B9C4A5700CAF2A6 /* blueArrow@2x.png in Resources */,
				7A7401E31B9C4A5700CAF2A6 /* LICENSE in Resources */,
				7A7401D51B9C4A5700CAF2A6 /* blueArrow.png in Resources */,
				7A7401D41B9C4A5700CAF2A6 /* blackArrow@2x.png in Resources */,
				7A7401D91B9C4A5700CAF2A6 /* whiteArrow.png in Resources */,
				7A7401D71B9C4A5700CAF2A6 /* grayArrow.png in Resources */,
				7ABAB6731B9ABE4C0032DB04 /* Images.xcassets in Resources */,
			);
			runOnlyForDeploymentPostprocessing = 0;
		};
		7ABAB6791B9ABE4C0032DB04 /* Resources */ = {
			isa = PBXResourcesBuildPhase;
			buildActionMask = 2147483647;
			files = (
			);
			runOnlyForDeploymentPostprocessing = 0;
		};
/* End PBXResourcesBuildPhase section */

/* Begin PBXSourcesBuildPhase section */
		7ABAB65E1B9ABE4C0032DB04 /* Sources */ = {
			isa = PBXSourcesBuildPhase;
			buildActionMask = 2147483647;
			files = (
				7AF44E5A1BA424C100886736 /* AFURLConnectionOperation.m in Sources */,
				7AF44E551BA424C100886736 /* AFHTTPRequestOperation.m in Sources */,
				7A7401DB1B9C4A5700CAF2A6 /* ESGridView.m in Sources */,
				7A48E1761B9C7B2800BDCFD2 /* CommonUtils.m in Sources */,
				7ABAB6981B9AC1ED0032DB04 /* StreamListViewController.m in Sources */,
				7A48E1451B9C664400BDCFD2 /* VideoViewController.m in Sources */,
				7ABAB6A61B9ACB020032DB04 /* TFHppleElement.m in Sources */,
				7A7401DF1B9C4A5700CAF2A6 /* ESImage.m in Sources */,
				7AF44E2D1BA40BEA00886736 /* LeftPanelViewController.m in Sources */,
				7A7401E21B9C4A5700CAF2A6 /* ImageOperation.m in Sources */,
				7A7401E41B9C4A5700CAF2A6 /* README.md in Sources */,
				7AF44E581BA424C100886736 /* AFNetworkReachabilityManager.m in Sources */,
				7AF44E591BA424C100886736 /* AFSecurityPolicy.m in Sources */,
				7A7401EA1B9C4A5700CAF2A6 /* ESNetworkRestfulOperaton.m in Sources */,
				7AF44E641BA424C100886736 /* UIRefreshControl+AFNetworking.m in Sources */,
				7A48E1641B9C746600BDCFD2 /* gstplayer.c in Sources */,
				7A48E1631B9C746600BDCFD2 /* gstplayer-media-info.c in Sources */,
				7ABAB6A71B9ACB020032DB04 /* XPathQuery.m in Sources */,
				7AF44E611BA424C100886736 /* UIButton+AFNetworking.m in Sources */,
				7AA52C851B9C5A3C0035F26F /* MenuViewController.m in Sources */,
				7A7401EC1B9C4A5700CAF2A6 /* Reachability.m in Sources */,
				7A7401E71B9C4A5700CAF2A6 /* UIImage+RoundedCorner.m in Sources */,
				7AF44E631BA424C100886736 /* UIProgressView+AFNetworking.m in Sources */,
				7AF44E5E1BA424C100886736 /* AFNetworkActivityIndicatorManager.m in Sources */,
				7ABAB6B11B9AD3050032DB04 /* StreamingEntity.m in Sources */,
				7AF44E701BA434B900886736 /* LeftPanelItemTableViewCell.m in Sources */,
				7A7401F01B9C4D7C00CAF2A6 /* StreamPlayerViewController.m in Sources */,
				7AF44E5C1BA424C100886736 /* AFURLResponseSerialization.m in Sources */,
				7AF44E651BA424C100886736 /* UIWebView+AFNetworking.m in Sources */,
				7A07F1171BA5675B00D5E5A7 /* ScheduleViewController.m in Sources */,
				7A07F11F1BA56B9200D5E5A7 /* ScheduleEntity.m in Sources */,
				7ABAB6A51B9ACB020032DB04 /* TFHpple.m in Sources */,
				7A7401941B9C484000CAF2A6 /* ESViewController.m in Sources */,
				7AF44E621BA424C100886736 /* UIImageView+AFNetworking.m in Sources */,
				7A48E1421B9C664400BDCFD2 /* EaglUIVIew.m in Sources */,
				7AF44E561BA424C100886736 /* AFHTTPRequestOperationManager.m in Sources */,
				7A7401E51B9C4A5700CAF2A6 /* UIImage+Alpha.m in Sources */,
				7AF44E5B1BA424C100886736 /* AFURLRequestSerialization.m in Sources */,
				7A7401E11B9C4A5700CAF2A6 /* ImageManager.m in Sources */,
				7A07F11C1BA56AAD00D5E5A7 /* ScheduleTableViewCell.m in Sources */,
				7A7401EB1B9C4A5700CAF2A6 /* ESOperation.m in Sources */,
				7A7401E91B9C4A5700CAF2A6 /* ESNetwork.m in Sources */,
				7ABAB66B1B9ABE4C0032DB04 /* AppDelegate.m in Sources */,
				7A48E1791B9C7B3A00BDCFD2 /* Configs.m in Sources */,
				7AF472DE1BA1B09A00B523F1 /* StreamCollectionViewCell.m in Sources */,
				7A7401E01B9C4A5700CAF2A6 /* ESImageView.m in Sources */,
				7ABAB6681B9ABE4C0032DB04 /* main.m in Sources */,
				7A7401DC1B9C4A5700CAF2A6 /* ESGridViewCell.m in Sources */,
				7A7401D11B9C4A5700CAF2A6 /* UIAlertView+Blocks.m in Sources */,
				7AF44E5D1BA424C100886736 /* AFURLSessionManager.m in Sources */,
				7AF44E571BA424C100886736 /* AFHTTPSessionManager.m in Sources */,
				7A48E1731B9C784B00BDCFD2 /* gst_ios_init.m in Sources */,
				7A7401DE1B9C4A5700CAF2A6 /* ESAnimation.m in Sources */,
				7AF44E601BA424C100886736 /* UIAlertView+AFNetworking.m in Sources */,
				7AF44E6B1BA42D5200886736 /* RootViewController.m in Sources */,
				7A7401D21B9C4A5700CAF2A6 /* EGORefreshTableHeaderView.m in Sources */,
				7A7401E61B9C4A5700CAF2A6 /* UIImage+Resize.m in Sources */,
				7ABAB69B1B9AC21C0032DB04 /* StreamEntityTableViewCell.m in Sources */,
				7A7401DD1B9C4A5700CAF2A6 /* ESGridViewLayoutStrategies.m in Sources */,
				7AF44E5F1BA424C100886736 /* UIActivityIndicatorView+AFNetworking.m in Sources */,
			);
			runOnlyForDeploymentPostprocessing = 0;
		};
		7ABAB6771B9ABE4C0032DB04 /* Sources */ = {
			isa = PBXSourcesBuildPhase;
			buildActionMask = 2147483647;
			files = (
				7ABAB6821B9ABE4C0032DB04 /* LiveCodingTests.m in Sources */,
			);
			runOnlyForDeploymentPostprocessing = 0;
		};
/* End PBXSourcesBuildPhase section */

/* Begin PBXTargetDependency section */
		7ABAB67D1B9ABE4C0032DB04 /* PBXTargetDependency */ = {
			isa = PBXTargetDependency;
			target = 7ABAB6611B9ABE4C0032DB04 /* LiveCoding */;
			targetProxy = 7ABAB67C1B9ABE4C0032DB04 /* PBXContainerItemProxy */;
		};
/* End PBXTargetDependency section */

/* Begin PBXVariantGroup section */
		7ABAB66F1B9ABE4C0032DB04 /* Main.storyboard */ = {
			isa = PBXVariantGroup;
			children = (
				7ABAB6701B9ABE4C0032DB04 /* Base */,
			);
			name = Main.storyboard;
			sourceTree = "<group>";
		};
		7ABAB6741B9ABE4C0032DB04 /* LaunchScreen.xib */ = {
			isa = PBXVariantGroup;
			children = (
				7ABAB6751B9ABE4C0032DB04 /* Base */,
			);
			name = LaunchScreen.xib;
			sourceTree = "<group>";
		};
/* End PBXVariantGroup section */

/* Begin XCBuildConfiguration section */
		7ABAB6831B9ABE4C0032DB04 /* Debug */ = {
			isa = XCBuildConfiguration;
			buildSettings = {
				ALWAYS_SEARCH_USER_PATHS = NO;
				CLANG_CXX_LANGUAGE_STANDARD = "gnu++0x";
				CLANG_CXX_LIBRARY = "libc++";
				CLANG_ENABLE_MODULES = YES;
				CLANG_ENABLE_OBJC_ARC = YES;
				CLANG_WARN_BOOL_CONVERSION = YES;
				CLANG_WARN_CONSTANT_CONVERSION = YES;
				CLANG_WARN_DIRECT_OBJC_ISA_USAGE = YES_ERROR;
				CLANG_WARN_EMPTY_BODY = YES;
				CLANG_WARN_ENUM_CONVERSION = YES;
				CLANG_WARN_INT_CONVERSION = YES;
				CLANG_WARN_OBJC_ROOT_CLASS = YES_ERROR;
				CLANG_WARN_UNREACHABLE_CODE = YES;
				CLANG_WARN__DUPLICATE_METHOD_MATCH = YES;
				"CODE_SIGN_IDENTITY[sdk=iphoneos*]" = "iPhone Developer";
				COPY_PHASE_STRIP = NO;
				DEBUG_INFORMATION_FORMAT = "dwarf-with-dsym";
				ENABLE_STRICT_OBJC_MSGSEND = YES;
				GCC_C_LANGUAGE_STANDARD = gnu99;
				GCC_DYNAMIC_NO_PIC = NO;
				GCC_NO_COMMON_BLOCKS = YES;
				GCC_OPTIMIZATION_LEVEL = 0;
				GCC_PREPROCESSOR_DEFINITIONS = (
					"DEBUG=1",
					"$(inherited)",
				);
				GCC_SYMBOLS_PRIVATE_EXTERN = NO;
				GCC_WARN_64_TO_32_BIT_CONVERSION = YES;
				GCC_WARN_ABOUT_RETURN_TYPE = YES_ERROR;
				GCC_WARN_UNDECLARED_SELECTOR = YES;
				GCC_WARN_UNINITIALIZED_AUTOS = YES_AGGRESSIVE;
				GCC_WARN_UNUSED_FUNCTION = YES;
				GCC_WARN_UNUSED_VARIABLE = YES;
				IPHONEOS_DEPLOYMENT_TARGET = 8.4;
				MTL_ENABLE_DEBUG_INFO = YES;
				ONLY_ACTIVE_ARCH = YES;
				SDKROOT = iphoneos;
				TARGETED_DEVICE_FAMILY = "1,2";
			};
			name = Debug;
		};
		7ABAB6841B9ABE4C0032DB04 /* Release */ = {
			isa = XCBuildConfiguration;
			buildSettings = {
				ALWAYS_SEARCH_USER_PATHS = NO;
				CLANG_CXX_LANGUAGE_STANDARD = "gnu++0x";
				CLANG_CXX_LIBRARY = "libc++";
				CLANG_ENABLE_MODULES = YES;
				CLANG_ENABLE_OBJC_ARC = YES;
				CLANG_WARN_BOOL_CONVERSION = YES;
				CLANG_WARN_CONSTANT_CONVERSION = YES;
				CLANG_WARN_DIRECT_OBJC_ISA_USAGE = YES_ERROR;
				CLANG_WARN_EMPTY_BODY = YES;
				CLANG_WARN_ENUM_CONVERSION = YES;
				CLANG_WARN_INT_CONVERSION = YES;
				CLANG_WARN_OBJC_ROOT_CLASS = YES_ERROR;
				CLANG_WARN_UNREACHABLE_CODE = YES;
				CLANG_WARN__DUPLICATE_METHOD_MATCH = YES;
				"CODE_SIGN_IDENTITY[sdk=iphoneos*]" = "iPhone Developer";
				COPY_PHASE_STRIP = NO;
				DEBUG_INFORMATION_FORMAT = "dwarf-with-dsym";
				ENABLE_NS_ASSERTIONS = NO;
				ENABLE_STRICT_OBJC_MSGSEND = YES;
				GCC_C_LANGUAGE_STANDARD = gnu99;
				GCC_NO_COMMON_BLOCKS = YES;
				GCC_WARN_64_TO_32_BIT_CONVERSION = YES;
				GCC_WARN_ABOUT_RETURN_TYPE = YES_ERROR;
				GCC_WARN_UNDECLARED_SELECTOR = YES;
				GCC_WARN_UNINITIALIZED_AUTOS = YES_AGGRESSIVE;
				GCC_WARN_UNUSED_FUNCTION = YES;
				GCC_WARN_UNUSED_VARIABLE = YES;
				IPHONEOS_DEPLOYMENT_TARGET = 8.4;
				MTL_ENABLE_DEBUG_INFO = NO;
				SDKROOT = iphoneos;
				TARGETED_DEVICE_FAMILY = "1,2";
				VALIDATE_PRODUCT = YES;
			};
			name = Release;
		};
		7ABAB6861B9ABE4C0032DB04 /* Debug */ = {
			isa = XCBuildConfiguration;
			buildSettings = {
				ALWAYS_SEARCH_USER_PATHS = YES;
				ARCHS = armv7;
				ASSETCATALOG_COMPILER_APPICON_NAME = AppIcon;
				FRAMEWORK_SEARCH_PATHS = (
					"~/Library/Developer/GStreamer/iPhone.sdk",
					"$(DEVELOPER_FRAMEWORKS_DIR)",
					"$(PROJECT_DIR)",
					"$(inherited)",
				);
				GCC_PRECOMPILE_PREFIX_HEADER = YES;
				GCC_PREFIX_HEADER = "LiveCoding-prefix.pch";
				HEADER_SEARCH_PATHS = (
					"\"~/Library/Developer/GStreamer/iPhone.sdk/GStreamer.framework/Headers\"",
					../lib,
					"$(inherited)",
				);
				INFOPLIST_FILE = LiveCoding/Info.plist;
				IPHONEOS_DEPLOYMENT_TARGET = 6.1;
				LD_RUNPATH_SEARCH_PATHS = "$(inherited) @executable_path/Frameworks";
				ONLY_ACTIVE_ARCH = YES;
				OTHER_LDFLAGS = (
					"-lresolv",
					"-lstdc++",
					"-framework",
					CoreFoundation,
					"-framework",
					Foundation,
					"-framework",
					AVFoundation,
					"-framework",
					CoreMedia,
					"-framework",
					CoreVideo,
					"-framework",
					CoreAudio,
					"-framework",
					AudioToolbox,
					"-weak_framework",
					VideoToolbox,
					"-framework",
					OpenGLES,
					"-framework",
					AssetsLibrary,
					"-framework",
					QuartzCore,
					"-framework",
					AssetsLibrary,
				);
				PRODUCT_NAME = "$(TARGET_NAME)";
				USER_HEADER_SEARCH_PATHS = "${SDK_DIR}/usr/include/libxml2";
			};
			name = Debug;
		};
		7ABAB6871B9ABE4C0032DB04 /* Release */ = {
			isa = XCBuildConfiguration;
			buildSettings = {
				ALWAYS_SEARCH_USER_PATHS = YES;
				ARCHS = armv7;
				ASSETCATALOG_COMPILER_APPICON_NAME = AppIcon;
				FRAMEWORK_SEARCH_PATHS = (
					"~/Library/Developer/GStreamer/iPhone.sdk",
					"$(DEVELOPER_FRAMEWORKS_DIR)",
					"$(PROJECT_DIR)",
					"$(inherited)",
				);
				GCC_PRECOMPILE_PREFIX_HEADER = YES;
				GCC_PREFIX_HEADER = "LiveCoding-prefix.pch";
				HEADER_SEARCH_PATHS = (
					"\"~/Library/Developer/GStreamer/iPhone.sdk/GStreamer.framework/Headers\"",
					../lib,
					"$(inherited)",
				);
				INFOPLIST_FILE = LiveCoding/Info.plist;
				IPHONEOS_DEPLOYMENT_TARGET = 6.1;
				LD_RUNPATH_SEARCH_PATHS = "$(inherited) @executable_path/Frameworks";
				ONLY_ACTIVE_ARCH = NO;
				OTHER_LDFLAGS = (
					"-lresolv",
					"-lstdc++",
					"-framework",
					CoreFoundation,
					"-framework",
					Foundation,
					"-framework",
					AVFoundation,
					"-framework",
					CoreMedia,
					"-framework",
					CoreVideo,
					"-framework",
					CoreAudio,
					"-framework",
					AudioToolbox,
					"-weak_framework",
					VideoToolbox,
					"-framework",
					OpenGLES,
					"-framework",
					AssetsLibrary,
					"-framework",
					QuartzCore,
					"-framework",
					AssetsLibrary,
				);
				PRODUCT_NAME = "$(TARGET_NAME)";
				USER_HEADER_SEARCH_PATHS = "${SDK_DIR}/usr/include/libxml2";
			};
			name = Release;
		};
		7ABAB6891B9ABE4C0032DB04 /* Debug */ = {
			isa = XCBuildConfiguration;
			buildSettings = {
				BUNDLE_LOADER = "$(TEST_HOST)";
				FRAMEWORK_SEARCH_PATHS = (
					"$(SDKROOT)/Developer/Library/Frameworks",
					"$(inherited)",
				);
				GCC_PREPROCESSOR_DEFINITIONS = (
					"DEBUG=1",
					"$(inherited)",
				);
				INFOPLIST_FILE = LiveCodingTests/Info.plist;
				LD_RUNPATH_SEARCH_PATHS = "$(inherited) @executable_path/Frameworks @loader_path/Frameworks";
				PRODUCT_NAME = "$(TARGET_NAME)";
				TEST_HOST = "$(BUILT_PRODUCTS_DIR)/LiveCoding.app/LiveCoding";
			};
			name = Debug;
		};
		7ABAB68A1B9ABE4C0032DB04 /* Release */ = {
			isa = XCBuildConfiguration;
			buildSettings = {
				BUNDLE_LOADER = "$(TEST_HOST)";
				FRAMEWORK_SEARCH_PATHS = (
					"$(SDKROOT)/Developer/Library/Frameworks",
					"$(inherited)",
				);
				INFOPLIST_FILE = LiveCodingTests/Info.plist;
				LD_RUNPATH_SEARCH_PATHS = "$(inherited) @executable_path/Frameworks @loader_path/Frameworks";
				PRODUCT_NAME = "$(TARGET_NAME)";
				TEST_HOST = "$(BUILT_PRODUCTS_DIR)/LiveCoding.app/LiveCoding";
			};
			name = Release;
		};
/* End XCBuildConfiguration section */

/* Begin XCConfigurationList section */
		7ABAB65D1B9ABE4C0032DB04 /* Build configuration list for PBXProject "LiveCoding" */ = {
			isa = XCConfigurationList;
			buildConfigurations = (
				7ABAB6831B9ABE4C0032DB04 /* Debug */,
				7ABAB6841B9ABE4C0032DB04 /* Release */,
			);
			defaultConfigurationIsVisible = 0;
			defaultConfigurationName = Release;
		};
		7ABAB6851B9ABE4C0032DB04 /* Build configuration list for PBXNativeTarget "LiveCoding" */ = {
			isa = XCConfigurationList;
			buildConfigurations = (
				7ABAB6861B9ABE4C0032DB04 /* Debug */,
				7ABAB6871B9ABE4C0032DB04 /* Release */,
			);
			defaultConfigurationIsVisible = 0;
			defaultConfigurationName = Release;
		};
		7ABAB6881B9ABE4C0032DB04 /* Build configuration list for PBXNativeTarget "LiveCodingTests" */ = {
			isa = XCConfigurationList;
			buildConfigurations = (
				7ABAB6891B9ABE4C0032DB04 /* Debug */,
				7ABAB68A1B9ABE4C0032DB04 /* Release */,
			);
			defaultConfigurationIsVisible = 0;
			defaultConfigurationName = Release;
		};
/* End XCConfigurationList section */
	};
	rootObject = 7ABAB65A1B9ABE4C0032DB04 /* Project object */;
}
